// !$*UTF8*$!
{
	archiveVersion = 1;
	classes = {
	};
	objectVersion = 50;
	objects = {

/* Begin PBXBuildFile section */
		8486BC22239E9FD600CC6499 /* AppDelegate.swift in Sources */ = {isa = PBXBuildFile; fileRef = 8486BC21239E9FD600CC6499 /* AppDelegate.swift */; };
		8486BC24239E9FD600CC6499 /* SceneDelegate.swift in Sources */ = {isa = PBXBuildFile; fileRef = 8486BC23239E9FD600CC6499 /* SceneDelegate.swift */; };
		8486BC26239E9FD600CC6499 /* ViewController.swift in Sources */ = {isa = PBXBuildFile; fileRef = 8486BC25239E9FD600CC6499 /* ViewController.swift */; };
		8486BC29239E9FD600CC6499 /* Main.storyboard in Resources */ = {isa = PBXBuildFile; fileRef = 8486BC27239E9FD600CC6499 /* Main.storyboard */; };
		8486BC2B239E9FD600CC6499 /* Assets.xcassets in Resources */ = {isa = PBXBuildFile; fileRef = 8486BC2A239E9FD600CC6499 /* Assets.xcassets */; };
		8486BC2E239E9FD600CC6499 /* LaunchScreen.storyboard in Resources */ = {isa = PBXBuildFile; fileRef = 8486BC2C239E9FD600CC6499 /* LaunchScreen.storyboard */; };
		8486BC36239EA03500CC6499 /* sberbank_2009.png in Resources */ = {isa = PBXBuildFile; fileRef = 8486BC35239EA03500CC6499 /* sberbank_2009.png */; };
		8486BC3A239EA9B700CC6499 /* 1280px-Swift_logo_with_text.svg.png in Resources */ = {isa = PBXBuildFile; fileRef = 8486BC39239EA9B700CC6499 /* 1280px-Swift_logo_with_text.svg.png */; };
/* End PBXBuildFile section */

/* Begin PBXFileReference section */
		8486BC1E239E9FD600CC6499 /* day00.app */ = {isa = PBXFileReference; explicitFileType = wrapper.application; includeInIndex = 0; path = day00.app; sourceTree = BUILT_PRODUCTS_DIR; };
		8486BC21239E9FD600CC6499 /* AppDelegate.swift */ = {isa = PBXFileReference; lastKnownFileType = sourcecode.swift; path = AppDelegate.swift; sourceTree = "<group>"; };
		8486BC23239E9FD600CC6499 /* SceneDelegate.swift */ = {isa = PBXFileReference; lastKnownFileType = sourcecode.swift; path = SceneDelegate.swift; sourceTree = "<group>"; };
		8486BC25239E9FD600CC6499 /* ViewController.swift */ = {isa = PBXFileReference; lastKnownFileType = sourcecode.swift; path = ViewController.swift; sourceTree = "<group>"; };
		8486BC28239E9FD600CC6499 /* Base */ = {isa = PBXFileReference; lastKnownFileType = file.storyboard; name = Base; path = Base.lproj/Main.storyboard; sourceTree = "<group>"; };
		8486BC2A239E9FD600CC6499 /* Assets.xcassets */ = {isa = PBXFileReference; lastKnownFileType = folder.assetcatalog; path = Assets.xcassets; sourceTree = "<group>"; };
		8486BC2D239E9FD600CC6499 /* Base */ = {isa = PBXFileReference; lastKnownFileType = file.storyboard; name = Base; path = Base.lproj/LaunchScreen.storyboard; sourceTree = "<group>"; };
		8486BC2F239E9FD600CC6499 /* Info.plist */ = {isa = PBXFileReference; lastKnownFileType = text.plist.xml; path = Info.plist; sourceTree = "<group>"; };
		8486BC35239EA03500CC6499 /* sberbank_2009.png */ = {isa = PBXFileReference; lastKnownFileType = image.png; name = sberbank_2009.png; path = ../../../Downloads/sberbank_2009.png; sourceTree = "<group>"; };
		8486BC39239EA9B700CC6499 /* 1280px-Swift_logo_with_text.svg.png */ = {isa = PBXFileReference; lastKnownFileType = image.png; name = "1280px-Swift_logo_with_text.svg.png"; path = "../../../Downloads/1280px-Swift_logo_with_text.svg.png"; sourceTree = "<group>"; };
/* End PBXFileReference section */

/* Begin PBXFrameworksBuildPhase section */
		8486BC1B239E9FD600CC6499 /* Frameworks */ = {
			isa = PBXFrameworksBuildPhase;
			buildActionMask = 2147483647;
			files = (
			);
			runOnlyForDeploymentPostprocessing = 0;
		};
/* End PBXFrameworksBuildPhase section */

/* Begin PBXGroup section */
		8486BC15239E9FD600CC6499 = {
			isa = PBXGroup;
			children = (
				8486BC20239E9FD600CC6499 /* day00 */,
				8486BC1F239E9FD600CC6499 /* Products */,
			);
			sourceTree = "<group>";
		};
		8486BC1F239E9FD600CC6499 /* Products */ = {
			isa = PBXGroup;
			children = (
				8486BC1E239E9FD600CC6499 /* day00.app */,
			);
			name = Products;
			sourceTree = "<group>";
		};
		8486BC20239E9FD600CC6499 /* day00 */ = {
			isa = PBXGroup;
			children = (
				8486BC39239EA9B700CC6499 /* 1280px-Swift_logo_with_text.svg.png */,
				8486BC35239EA03500CC6499 /* sberbank_2009.png */,
				8486BC21239E9FD600CC6499 /* AppDelegate.swift */,
				8486BC23239E9FD600CC6499 /* SceneDelegate.swift */,
				8486BC25239E9FD600CC6499 /* ViewController.swift */,
				8486BC27239E9FD600CC6499 /* Main.storyboard */,
				8486BC2A239E9FD600CC6499 /* Assets.xcassets */,
				8486BC2C239E9FD600CC6499 /* LaunchScreen.storyboard */,
				8486BC2F239E9FD600CC6499 /* Info.plist */,
			);
			path = day00;
			sourceTree = "<group>";
		};
/* End PBXGroup section */

/* Begin PBXNativeTarget section */
		8486BC1D239E9FD600CC6499 /* day00 */ = {
			isa = PBXNativeTarget;
			buildConfigurationList = 8486BC32239E9FD600CC6499 /* Build configuration list for PBXNativeTarget "day00" */;
			buildPhases = (
				8486BC1A239E9FD600CC6499 /* Sources */,
				8486BC1B239E9FD600CC6499 /* Frameworks */,
				8486BC1C239E9FD600CC6499 /* Resources */,
			);
			buildRules = (
			);
			dependencies = (
			);
			name = day00;
			productName = day00;
			productReference = 8486BC1E239E9FD600CC6499 /* day00.app */;
			productType = "com.apple.product-type.application";
		};
/* End PBXNativeTarget section */

/* Begin PBXProject section */
		8486BC16239E9FD600CC6499 /* Project object */ = {
			isa = PBXProject;
			attributes = {
				LastSwiftUpdateCheck = 1120;
				LastUpgradeCheck = 1120;
				ORGANIZATIONNAME = admin;
				TargetAttributes = {
					8486BC1D239E9FD600CC6499 = {
						CreatedOnToolsVersion = 11.2.1;
					};
				};
			};
			buildConfigurationList = 8486BC19239E9FD600CC6499 /* Build configuration list for PBXProject "day00" */;
			compatibilityVersion = "Xcode 9.3";
			developmentRegion = en;
			hasScannedForEncodings = 0;
			knownRegions = (
				en,
				Base,
			);
			mainGroup = 8486BC15239E9FD600CC6499;
			productRefGroup = 8486BC1F239E9FD600CC6499 /* Products */;
			projectDirPath = "";
			projectRoot = "";
			targets = (
				8486BC1D239E9FD600CC6499 /* day00 */,
			);
		};
/* End PBXProject section */

/* Begin PBXResourcesBuildPhase section */
		8486BC1C239E9FD600CC6499 /* Resources */ = {
			isa = PBXResourcesBuildPhase;
			buildActionMask = 2147483647;
			files = (
				8486BC2E239E9FD600CC6499 /* LaunchScreen.storyboard in Resources */,
				8486BC3A239EA9B700CC6499 /* 1280px-Swift_logo_with_text.svg.png in Resources */,
				8486BC2B239E9FD600CC6499 /* Assets.xcassets in Resources */,
				8486BC36239EA03500CC6499 /* sberbank_2009.png in Resources */,
				8486BC29239E9FD600CC6499 /* Main.storyboard in Resources */,
			);
			runOnlyForDeploymentPostprocessing = 0;
		};
/* End PBXResourcesBuildPhase section */

/* Begin PBXSourcesBuildPhase section */
		8486BC1A239E9FD600CC6499 /* Sources */ = {
			isa = PBXSourcesBuildPhase;
			buildActionMask = 2147483647;
			files = (
				8486BC26239E9FD600CC6499 /* ViewController.swift in Sources */,
				8486BC22239E9FD600CC6499 /* AppDelegate.swift in Sources */,
				8486BC24239E9FD600CC6499 /* SceneDelegate.swift in Sources */,
			);
			runOnlyForDeploymentPostprocessing = 0;
		};
/* End PBXSourcesBuildPhase section */

/* Begin PBXVariantGroup section */
		8486BC27239E9FD600CC6499 /* Main.storyboard */ = {
			isa = PBXVariantGroup;
			children = (
				8486BC28239E9FD600CC6499 /* Base */,
			);
			name = Main.storyboard;
			sourceTree = "<group>";
		};
		8486BC2C239E9FD600CC6499 /* LaunchScreen.storyboard */ = {
			isa = PBXVariantGroup;
			children = (
				8486BC2D239E9FD600CC6499 /* Base */,
			);
			name = LaunchScreen.storyboard;
			sourceTree = "<group>";
		};
/* End PBXVariantGroup section */

/* Begin XCBuildConfiguration section */
		8486BC30239E9FD600CC6499 /* Debug */ = {
			isa = XCBuildConfiguration;
			buildSettings = {
				ALWAYS_SEARCH_USER_PATHS = NO;
				CLANG_ANALYZER_NONNULL = YES;
				CLANG_ANALYZER_NUMBER_OBJECT_CONVERSION = YES_AGGRESSIVE;
				CLANG_CXX_LANGUAGE_STANDARD = "gnu++14";
				CLANG_CXX_LIBRARY = "libc++";
				CLANG_ENABLE_MODULES = YES;
				CLANG_ENABLE_OBJC_ARC = YES;
				CLANG_ENABLE_OBJC_WEAK = YES;
				CLANG_WARN_BLOCK_CAPTURE_AUTORELEASING = YES;
				CLANG_WARN_BOOL_CONVERSION = YES;
				CLANG_WARN_COMMA = YES;
				CLANG_WARN_CONSTANT_CONVERSION = YES;
				CLANG_WARN_DEPRECATED_OBJC_IMPLEMENTATIONS = YES;
				CLANG_WARN_DIRECT_OBJC_ISA_USAGE = YES_ERROR;
				CLANG_WARN_DOCUMENTATION_COMMENTS = YES;
				CLANG_WARN_EMPTY_BODY = YES;
				CLANG_WARN_ENUM_CONVERSION = YES;
				CLANG_WARN_INFINITE_RECURSION = YES;
				CLANG_WARN_INT_CONVERSION = YES;
				CLANG_WARN_NON_LITERAL_NULL_CONVERSION = YES;
				CLANG_WARN_OBJC_IMPLICIT_RETAIN_SELF = YES;
				CLANG_WARN_OBJC_LITERAL_CONVERSION = YES;
				CLANG_WARN_OBJC_ROOT_CLASS = YES_ERROR;
				CLANG_WARN_RANGE_LOOP_ANALYSIS = YES;
				CLANG_WARN_STRICT_PROTOTYPES = YES;
				CLANG_WARN_SUSPICIOUS_MOVE = YES;
				CLANG_WARN_UNGUARDED_AVAILABILITY = YES_AGGRESSIVE;
				CLANG_WARN_UNREACHABLE_CODE = YES;
				CLANG_WARN__DUPLICATE_METHOD_MATCH = YES;
				COPY_PHASE_STRIP = NO;
				DEBUG_INFORMATION_FORMAT = dwarf;
				ENABLE_STRICT_OBJC_MSGSEND = YES;
				ENABLE_TESTABILITY = YES;
				GCC_C_LANGUAGE_STANDARD = gnu11;
				GCC_DYNAMIC_NO_PIC = NO;
				GCC_NO_COMMON_BLOCKS = YES;
				GCC_OPTIMIZATION_LEVEL = 0;
				GCC_PREPROCESSOR_DEFINITIONS = (
					"DEBUG=1",
					"$(inherited)",
				);
				GCC_WARN_64_TO_32_BIT_CONVERSION = YES;
				GCC_WARN_ABOUT_RETURN_TYPE = YES_ERROR;
				GCC_WARN_UNDECLARED_SELECTOR = YES;
				GCC_WARN_UNINITIALIZED_AUTOS = YES_AGGRESSIVE;
				GCC_WARN_UNUSED_FUNCTION = YES;
				GCC_WARN_UNUSED_VARIABLE = YES;
				IPHONEOS_DEPLOYMENT_TARGET = 13.2;
				MTL_ENABLE_DEBUG_INFO = INCLUDE_SOURCE;
				MTL_FAST_MATH = YES;
				ONLY_ACTIVE_ARCH = YES;
				SDKROOT = iphoneos;
				SWIFT_ACTIVE_COMPILATION_CONDITIONS = DEBUG;
				SWIFT_OPTIMIZATION_LEVEL = "-Onone";
			};
			name = Debug;
		};
		8486BC31239E9FD600CC6499 /* Release */ = {
			isa = XCBuildConfiguration;
			buildSettings = {
				ALWAYS_SEARCH_USER_PATHS = NO;
				CLANG_ANALYZER_NONNULL = YES;
				CLANG_ANALYZER_NUMBER_OBJECT_CONVERSION = YES_AGGRESSIVE;
				CLANG_CXX_LANGUAGE_STANDARD = "gnu++14";
				CLANG_CXX_LIBRARY = "libc++";
				CLANG_ENABLE_MODULES = YES;
				CLANG_ENABLE_OBJC_ARC = YES;
				CLANG_ENABLE_OBJC_WEAK = YES;
				CLANG_WARN_BLOCK_CAPTURE_AUTORELEASING = YES;
				CLANG_WARN_BOOL_CONVERSION = YES;
				CLANG_WARN_COMMA = YES;
				CLANG_WARN_CONSTANT_CONVERSION = YES;
				CLANG_WARN_DEPRECATED_OBJC_IMPLEMENTATIONS = YES;
				CLANG_WARN_DIRECT_OBJC_ISA_USAGE = YES_ERROR;
				CLANG_WARN_DOCUMENTATION_COMMENTS = YES;
				CLANG_WARN_EMPTY_BODY = YES;
				CLANG_WARN_ENUM_CONVERSION = YES;
				CLANG_WARN_INFINITE_RECURSION = YES;
				CLANG_WARN_INT_CONVERSION = YES;
				CLANG_WARN_NON_LITERAL_NULL_CONVERSION = YES;
				CLANG_WARN_OBJC_IMPLICIT_RETAIN_SELF = YES;
				CLANG_WARN_OBJC_LITERAL_CONVERSION = YES;
				CLANG_WARN_OBJC_ROOT_CLASS = YES_ERROR;
				CLANG_WARN_RANGE_LOOP_ANALYSIS = YES;
				CLANG_WARN_STRICT_PROTOTYPES = YES;
				CLANG_WARN_SUSPICIOUS_MOVE = YES;
				CLANG_WARN_UNGUARDED_AVAILABILITY = YES_AGGRESSIVE;
				CLANG_WARN_UNREACHABLE_CODE = YES;
				CLANG_WARN__DUPLICATE_METHOD_MATCH = YES;
				COPY_PHASE_STRIP = NO;
				DEBUG_INFORMATION_FORMAT = "dwarf-with-dsym";
				ENABLE_NS_ASSERTIONS = NO;
				ENABLE_STRICT_OBJC_MSGSEND = YES;
				GCC_C_LANGUAGE_STANDARD = gnu11;
				GCC_NO_COMMON_BLOCKS = YES;
				GCC_WARN_64_TO_32_BIT_CONVERSION = YES;
				GCC_WARN_ABOUT_RETURN_TYPE = YES_ERROR;
				GCC_WARN_UNDECLARED_SELECTOR = YES;
				GCC_WARN_UNINITIALIZED_AUTOS = YES_AGGRESSIVE;
				GCC_WARN_UNUSED_FUNCTION = YES;
				GCC_WARN_UNUSED_VARIABLE = YES;
				IPHONEOS_DEPLOYMENT_TARGET = 13.2;
				MTL_ENABLE_DEBUG_INFO = NO;
				MTL_FAST_MATH = YES;
				SDKROOT = iphoneos;
				SWIFT_COMPILATION_MODE = wholemodule;
				SWIFT_OPTIMIZATION_LEVEL = "-O";
				VALIDATE_PRODUCT = YES;
			};
			name = Release;
		};
		8486BC33239E9FD600CC6499 /* Debug */ = {
			isa = XCBuildConfiguration;
			buildSettings = {
				ASSETCATALOG_COMPILER_APPICON_NAME = AppIcon;
				CODE_SIGN_STYLE = Automatic;
				INFOPLIST_FILE = day00/Info.plist;
				LD_RUNPATH_SEARCH_PATHS = (
					"$(inherited)",
					"@executable_path/Frameworks",
				);
				PRODUCT_BUNDLE_IDENTIFIER = vmormont.day00;
				PRODUCT_NAME = "$(TARGET_NAME)";
				SWIFT_VERSION = 5.0;
				TARGETED_DEVICE_FAMILY = "1,2";
			};
			name = Debug;
		};
		8486BC34239E9FD600CC6499 /* Release */ = {
			isa = XCBuildConfiguration;
			buildSettings = {
				ASSETCATALOG_COMPILER_APPICON_NAME = AppIcon;
				CODE_SIGN_STYLE = Automatic;
				INFOPLIST_FILE = day00/Info.plist;
				LD_RUNPATH_SEARCH_PATHS = (
					"$(inherited)",
					"@executable_path/Frameworks",
				);
				PRODUCT_BUNDLE_IDENTIFIER = vmormont.day00;
				PRODUCT_NAME = "$(TARGET_NAME)";
				SWIFT_VERSION = 5.0;
				TARGETED_DEVICE_FAMILY = "1,2";
			};
			name = Release;
		};
/* End XCBuildConfiguration section */

/* Begin XCConfigurationList section */
		8486BC19239E9FD600CC6499 /* Build configuration list for PBXProject "day00" */ = {
			isa = XCConfigurationList;
			buildConfigurations = (
				8486BC30239E9FD600CC6499 /* Debug */,
				8486BC31239E9FD600CC6499 /* Release */,
			);
			defaultConfigurationIsVisible = 0;
			defaultConfigurationName = Release;
		};
		8486BC32239E9FD600CC6499 /* Build configuration list for PBXNativeTarget "day00" */ = {
			isa = XCConfigurationList;
			buildConfigurations = (
				8486BC33239E9FD600CC6499 /* Debug */,
				8486BC34239E9FD600CC6499 /* Release */,
			);
			defaultConfigurationIsVisible = 0;
			defaultConfigurationName = Release;
		};
/* End XCConfigurationList section */
	};
	rootObject = 8486BC16239E9FD600CC6499 /* Project object */;
}
