// !$*UTF8*$!
{
	archiveVersion = 1;
	classes = {
	};
	objectVersion = 50;
	objects = {

/* Begin PBXBuildFile section */
		841D300E23CDF854006FA31B /* AppDelegate.swift in Sources */ = {isa = PBXBuildFile; fileRef = 841D300D23CDF854006FA31B /* AppDelegate.swift */; };
		841D301023CDF854006FA31B /* SceneDelegate.swift in Sources */ = {isa = PBXBuildFile; fileRef = 841D300F23CDF854006FA31B /* SceneDelegate.swift */; };
		841D301223CDF854006FA31B /* MainViewController.swift in Sources */ = {isa = PBXBuildFile; fileRef = 841D301123CDF854006FA31B /* MainViewController.swift */; };
		841D301A23CDF854006FA31B /* Assets.xcassets in Resources */ = {isa = PBXBuildFile; fileRef = 841D301923CDF854006FA31B /* Assets.xcassets */; };
		841D301D23CDF854006FA31B /* LaunchScreen.storyboard in Resources */ = {isa = PBXBuildFile; fileRef = 841D301B23CDF854006FA31B /* LaunchScreen.storyboard */; };
		841D302B23CDF8D3006FA31B /* MainTableViewCell.swift in Sources */ = {isa = PBXBuildFile; fileRef = 841D302A23CDF8D3006FA31B /* MainTableViewCell.swift */; };
		842D57B923CF3C6100D3B215 /* NetworkServiceManager.swift in Sources */ = {isa = PBXBuildFile; fileRef = 842D57B823CF3C6100D3B215 /* NetworkServiceManager.swift */; };
		842D57BB23CF3CAE00D3B215 /* DishModel.swift in Sources */ = {isa = PBXBuildFile; fileRef = 842D57BA23CF3CAE00D3B215 /* DishModel.swift */; };
		842D57C023CF3FFD00D3B215 /* ILoveYouFood.xcdatamodeld in Resources */ = {isa = PBXBuildFile; fileRef = 841D301623CDF854006FA31B /* ILoveYouFood.xcdatamodeld */; };
		842D57D123CF5AE700D3B215 /* IngridientManagedObject+CoreDataClass.swift in Sources */ = {isa = PBXBuildFile; fileRef = 842D57CD23CF5AE700D3B215 /* IngridientManagedObject+CoreDataClass.swift */; };
		842D57D223CF5AE700D3B215 /* IngridientManagedObject+CoreDataProperties.swift in Sources */ = {isa = PBXBuildFile; fileRef = 842D57CE23CF5AE700D3B215 /* IngridientManagedObject+CoreDataProperties.swift */; };
		842D57D723CF6A6E00D3B215 /* DishManagedObject+CoreDataClass.swift in Sources */ = {isa = PBXBuildFile; fileRef = 842D57D523CF6A6E00D3B215 /* DishManagedObject+CoreDataClass.swift */; };
		842D57D823CF6A6E00D3B215 /* DishManagedObject+CoreDataProperties.swift in Sources */ = {isa = PBXBuildFile; fileRef = 842D57D623CF6A6E00D3B215 /* DishManagedObject+CoreDataProperties.swift */; };
		847B5DBE23CDFA00001521A3 /* CoreDataManager.swift in Sources */ = {isa = PBXBuildFile; fileRef = 847B5DBD23CDFA00001521A3 /* CoreDataManager.swift */; };
		847B5DC323CDFC03001521A3 /* Alamofire.framework in Frameworks */ = {isa = PBXBuildFile; fileRef = 847B5DC123CDFC03001521A3 /* Alamofire.framework */; };
		847B5DC423CDFC03001521A3 /* Alamofire.framework in Embed Frameworks */ = {isa = PBXBuildFile; fileRef = 847B5DC123CDFC03001521A3 /* Alamofire.framework */; settings = {ATTRIBUTES = (CodeSignOnCopy, RemoveHeadersOnCopy, ); }; };
		847B5DC523CDFC03001521A3 /* SnapKit.framework in Frameworks */ = {isa = PBXBuildFile; fileRef = 847B5DC223CDFC03001521A3 /* SnapKit.framework */; };
		847B5DC623CDFC03001521A3 /* SnapKit.framework in Embed Frameworks */ = {isa = PBXBuildFile; fileRef = 847B5DC223CDFC03001521A3 /* SnapKit.framework */; settings = {ATTRIBUTES = (CodeSignOnCopy, RemoveHeadersOnCopy, ); }; };
		847F3C3723D09B7100C707EC /* CloudKit.framework in Frameworks */ = {isa = PBXBuildFile; fileRef = 847F3C3623D09B7100C707EC /* CloudKit.framework */; };
/* End PBXBuildFile section */

/* Begin PBXCopyFilesBuildPhase section */
		847B5DC723CDFC03001521A3 /* Embed Frameworks */ = {
			isa = PBXCopyFilesBuildPhase;
			buildActionMask = 2147483647;
			dstPath = "";
			dstSubfolderSpec = 10;
			files = (
				847B5DC423CDFC03001521A3 /* Alamofire.framework in Embed Frameworks */,
				847B5DC623CDFC03001521A3 /* SnapKit.framework in Embed Frameworks */,
			);
			name = "Embed Frameworks";
			runOnlyForDeploymentPostprocessing = 0;
		};
/* End PBXCopyFilesBuildPhase section */

/* Begin PBXFileReference section */
		841D300A23CDF854006FA31B /* ILoveYouFood.app */ = {isa = PBXFileReference; explicitFileType = wrapper.application; includeInIndex = 0; path = ILoveYouFood.app; sourceTree = BUILT_PRODUCTS_DIR; };
		841D300D23CDF854006FA31B /* AppDelegate.swift */ = {isa = PBXFileReference; lastKnownFileType = sourcecode.swift; path = AppDelegate.swift; sourceTree = "<group>"; };
		841D300F23CDF854006FA31B /* SceneDelegate.swift */ = {isa = PBXFileReference; lastKnownFileType = sourcecode.swift; path = SceneDelegate.swift; sourceTree = "<group>"; };
		841D301123CDF854006FA31B /* MainViewController.swift */ = {isa = PBXFileReference; lastKnownFileType = sourcecode.swift; path = MainViewController.swift; sourceTree = "<group>"; };
		841D301723CDF854006FA31B /* ILoveYouFood.xcdatamodel */ = {isa = PBXFileReference; lastKnownFileType = wrapper.xcdatamodel; path = ILoveYouFood.xcdatamodel; sourceTree = "<group>"; };
		841D301923CDF854006FA31B /* Assets.xcassets */ = {isa = PBXFileReference; lastKnownFileType = folder.assetcatalog; path = Assets.xcassets; sourceTree = "<group>"; };
		841D301C23CDF854006FA31B /* Base */ = {isa = PBXFileReference; lastKnownFileType = file.storyboard; name = Base; path = Base.lproj/LaunchScreen.storyboard; sourceTree = "<group>"; };
		841D301E23CDF854006FA31B /* Info.plist */ = {isa = PBXFileReference; lastKnownFileType = text.plist.xml; path = Info.plist; sourceTree = "<group>"; };
		841D302A23CDF8D3006FA31B /* MainTableViewCell.swift */ = {isa = PBXFileReference; lastKnownFileType = sourcecode.swift; path = MainTableViewCell.swift; sourceTree = "<group>"; };
		842D57B823CF3C6100D3B215 /* NetworkServiceManager.swift */ = {isa = PBXFileReference; lastKnownFileType = sourcecode.swift; path = NetworkServiceManager.swift; sourceTree = "<group>"; };
		842D57BA23CF3CAE00D3B215 /* DishModel.swift */ = {isa = PBXFileReference; lastKnownFileType = sourcecode.swift; path = DishModel.swift; sourceTree = "<group>"; };
		842D57CD23CF5AE700D3B215 /* IngridientManagedObject+CoreDataClass.swift */ = {isa = PBXFileReference; lastKnownFileType = sourcecode.swift; path = "IngridientManagedObject+CoreDataClass.swift"; sourceTree = "<group>"; };
		842D57CE23CF5AE700D3B215 /* IngridientManagedObject+CoreDataProperties.swift */ = {isa = PBXFileReference; lastKnownFileType = sourcecode.swift; path = "IngridientManagedObject+CoreDataProperties.swift"; sourceTree = "<group>"; };
		842D57D523CF6A6E00D3B215 /* DishManagedObject+CoreDataClass.swift */ = {isa = PBXFileReference; lastKnownFileType = sourcecode.swift; path = "DishManagedObject+CoreDataClass.swift"; sourceTree = "<group>"; };
		842D57D623CF6A6E00D3B215 /* DishManagedObject+CoreDataProperties.swift */ = {isa = PBXFileReference; lastKnownFileType = sourcecode.swift; path = "DishManagedObject+CoreDataProperties.swift"; sourceTree = "<group>"; };
		847B5DBD23CDFA00001521A3 /* CoreDataManager.swift */ = {isa = PBXFileReference; lastKnownFileType = sourcecode.swift; path = CoreDataManager.swift; sourceTree = "<group>"; };
		847B5DC123CDFC03001521A3 /* Alamofire.framework */ = {isa = PBXFileReference; lastKnownFileType = wrapper.framework; name = Alamofire.framework; path = Carthage/Build/iOS/Alamofire.framework; sourceTree = "<group>"; };
		847B5DC223CDFC03001521A3 /* SnapKit.framework */ = {isa = PBXFileReference; lastKnownFileType = wrapper.framework; name = SnapKit.framework; path = Carthage/Build/iOS/SnapKit.framework; sourceTree = "<group>"; };
		847F3C3623D09B7100C707EC /* CloudKit.framework */ = {isa = PBXFileReference; lastKnownFileType = wrapper.framework; name = CloudKit.framework; path = System/Library/Frameworks/CloudKit.framework; sourceTree = SDKROOT; };
/* End PBXFileReference section */

/* Begin PBXFrameworksBuildPhase section */
		841D300723CDF854006FA31B /* Frameworks */ = {
			isa = PBXFrameworksBuildPhase;
			buildActionMask = 2147483647;
			files = (
				847F3C3723D09B7100C707EC /* CloudKit.framework in Frameworks */,
				847B5DC323CDFC03001521A3 /* Alamofire.framework in Frameworks */,
				847B5DC523CDFC03001521A3 /* SnapKit.framework in Frameworks */,
			);
			runOnlyForDeploymentPostprocessing = 0;
		};
/* End PBXFrameworksBuildPhase section */

/* Begin PBXGroup section */
		841D300123CDF854006FA31B = {
			isa = PBXGroup;
			children = (
				841D300C23CDF854006FA31B /* ILoveYouFood */,
				841D300B23CDF854006FA31B /* Products */,
				847B5DC023CDFC03001521A3 /* Frameworks */,
			);
			sourceTree = "<group>";
		};
		841D300B23CDF854006FA31B /* Products */ = {
			isa = PBXGroup;
			children = (
				841D300A23CDF854006FA31B /* ILoveYouFood.app */,
			);
			name = Products;
			sourceTree = "<group>";
		};
		841D300C23CDF854006FA31B /* ILoveYouFood */ = {
			isa = PBXGroup;
			children = (
				841D301E23CDF854006FA31B /* Info.plist */,
				841D302523CDF88C006FA31B /* Modules */,
				841D302423CDF870006FA31B /* Supporting Files */,
				841D301923CDF854006FA31B /* Assets.xcassets */,
			);
			path = ILoveYouFood;
			sourceTree = "<group>";
		};
		841D302423CDF870006FA31B /* Supporting Files */ = {
			isa = PBXGroup;
			children = (
				841D300D23CDF854006FA31B /* AppDelegate.swift */,
				841D300F23CDF854006FA31B /* SceneDelegate.swift */,
				841D301B23CDF854006FA31B /* LaunchScreen.storyboard */,
			);
			path = "Supporting Files";
			sourceTree = "<group>";
		};
		841D302523CDF88C006FA31B /* Modules */ = {
			isa = PBXGroup;
			children = (
				842D57B623CF3C4400D3B215 /* NetworkLayer */,
				841D302723CDF899006FA31B /* CoreDataManager */,
				841D302623CDF892006FA31B /* Main */,
			);
			path = Modules;
			sourceTree = "<group>";
		};
		841D302623CDF892006FA31B /* Main */ = {
			isa = PBXGroup;
			children = (
				841D302923CDF8BE006FA31B /* Cell */,
				841D301123CDF854006FA31B /* MainViewController.swift */,
			);
			path = Main;
			sourceTree = "<group>";
		};
		841D302723CDF899006FA31B /* CoreDataManager */ = {
			isa = PBXGroup;
			children = (
				841D302823CDF8B1006FA31B /* Model */,
				847B5DBD23CDFA00001521A3 /* CoreDataManager.swift */,
			);
			path = CoreDataManager;
			sourceTree = "<group>";
		};
		841D302823CDF8B1006FA31B /* Model */ = {
			isa = PBXGroup;
			children = (
				842D57D523CF6A6E00D3B215 /* DishManagedObject+CoreDataClass.swift */,
				842D57D623CF6A6E00D3B215 /* DishManagedObject+CoreDataProperties.swift */,
				842D57CD23CF5AE700D3B215 /* IngridientManagedObject+CoreDataClass.swift */,
				842D57CE23CF5AE700D3B215 /* IngridientManagedObject+CoreDataProperties.swift */,
				841D301623CDF854006FA31B /* ILoveYouFood.xcdatamodeld */,
			);
			path = Model;
			sourceTree = "<group>";
		};
		841D302923CDF8BE006FA31B /* Cell */ = {
			isa = PBXGroup;
			children = (
				841D302A23CDF8D3006FA31B /* MainTableViewCell.swift */,
			);
			path = Cell;
			sourceTree = "<group>";
		};
		842D57B623CF3C4400D3B215 /* NetworkLayer */ = {
			isa = PBXGroup;
			children = (
				842D57B723CF3C5400D3B215 /* Model */,
				842D57B823CF3C6100D3B215 /* NetworkServiceManager.swift */,
			);
			path = NetworkLayer;
			sourceTree = "<group>";
		};
		842D57B723CF3C5400D3B215 /* Model */ = {
			isa = PBXGroup;
			children = (
				842D57BA23CF3CAE00D3B215 /* DishModel.swift */,
			);
			path = Model;
			sourceTree = "<group>";
		};
		847B5DC023CDFC03001521A3 /* Frameworks */ = {
			isa = PBXGroup;
			children = (
				847F3C3623D09B7100C707EC /* CloudKit.framework */,
				847B5DC123CDFC03001521A3 /* Alamofire.framework */,
				847B5DC223CDFC03001521A3 /* SnapKit.framework */,
			);
			name = Frameworks;
			sourceTree = "<group>";
		};
/* End PBXGroup section */

/* Begin PBXNativeTarget section */
		841D300923CDF854006FA31B /* ILoveYouFood */ = {
			isa = PBXNativeTarget;
			buildConfigurationList = 841D302123CDF854006FA31B /* Build configuration list for PBXNativeTarget "ILoveYouFood" */;
			buildPhases = (
				841D300623CDF854006FA31B /* Sources */,
				841D300723CDF854006FA31B /* Frameworks */,
				841D300823CDF854006FA31B /* Resources */,
				847B5DBF23CDFBA6001521A3 /* Carthage Copy FrameWorks */,
				847B5DC723CDFC03001521A3 /* Embed Frameworks */,
			);
			buildRules = (
			);
			dependencies = (
			);
			name = ILoveYouFood;
			productName = ILoveYouFood;
			productReference = 841D300A23CDF854006FA31B /* ILoveYouFood.app */;
			productType = "com.apple.product-type.application";
		};
/* End PBXNativeTarget section */

/* Begin PBXProject section */
		841D300223CDF854006FA31B /* Project object */ = {
			isa = PBXProject;
			attributes = {
				LastSwiftUpdateCheck = 1130;
				LastUpgradeCheck = 1130;
				ORGANIZATIONNAME = "Rinat Kutuev";
				TargetAttributes = {
					841D300923CDF854006FA31B = {
						CreatedOnToolsVersion = 11.3;
					};
				};
			};
			buildConfigurationList = 841D300523CDF854006FA31B /* Build configuration list for PBXProject "ILoveYouFood" */;
			compatibilityVersion = "Xcode 9.3";
			developmentRegion = en;
			hasScannedForEncodings = 0;
			knownRegions = (
				en,
				Base,
			);
			mainGroup = 841D300123CDF854006FA31B;
			productRefGroup = 841D300B23CDF854006FA31B /* Products */;
			projectDirPath = "";
			projectRoot = "";
			targets = (
				841D300923CDF854006FA31B /* ILoveYouFood */,
			);
		};
/* End PBXProject section */

/* Begin PBXResourcesBuildPhase section */
		841D300823CDF854006FA31B /* Resources */ = {
			isa = PBXResourcesBuildPhase;
			buildActionMask = 2147483647;
			files = (
				842D57C023CF3FFD00D3B215 /* ILoveYouFood.xcdatamodeld in Resources */,
				841D301D23CDF854006FA31B /* LaunchScreen.storyboard in Resources */,
				841D301A23CDF854006FA31B /* Assets.xcassets in Resources */,
			);
			runOnlyForDeploymentPostprocessing = 0;
		};
/* End PBXResourcesBuildPhase section */

/* Begin PBXShellScriptBuildPhase section */
		847B5DBF23CDFBA6001521A3 /* Carthage Copy FrameWorks */ = {
			isa = PBXShellScriptBuildPhase;
			buildActionMask = 2147483647;
			files = (
			);
			inputFileListPaths = (
			);
			inputPaths = (
				"$(SRCROOT)/Carthage/Build/iOS/Alamofire.framework",
				"$(SRCROOT)//Carthage/Build/iOS/SnapKit.framework",
			);
			name = "Carthage Copy FrameWorks";
			outputFileListPaths = (
			);
			outputPaths = (
			);
			runOnlyForDeploymentPostprocessing = 0;
			shellPath = /bin/sh;
			shellScript = "# Type a script or drag a script file from your workspace to insert its path.\ncarthage copy-frameworks\n";
		};
/* End PBXShellScriptBuildPhase section */

/* Begin PBXSourcesBuildPhase section */
		841D300623CDF854006FA31B /* Sources */ = {
			isa = PBXSourcesBuildPhase;
			buildActionMask = 2147483647;
			files = (
				841D301223CDF854006FA31B /* MainViewController.swift in Sources */,
				847B5DBE23CDFA00001521A3 /* CoreDataManager.swift in Sources */,
				842D57B923CF3C6100D3B215 /* NetworkServiceManager.swift in Sources */,
				842D57D123CF5AE700D3B215 /* IngridientManagedObject+CoreDataClass.swift in Sources */,
				841D300E23CDF854006FA31B /* AppDelegate.swift in Sources */,
				842D57D823CF6A6E00D3B215 /* DishManagedObject+CoreDataProperties.swift in Sources */,
				842D57D223CF5AE700D3B215 /* IngridientManagedObject+CoreDataProperties.swift in Sources */,
				842D57D723CF6A6E00D3B215 /* DishManagedObject+CoreDataClass.swift in Sources */,
				842D57BB23CF3CAE00D3B215 /* DishModel.swift in Sources */,
				841D301023CDF854006FA31B /* SceneDelegate.swift in Sources */,
				841D302B23CDF8D3006FA31B /* MainTableViewCell.swift in Sources */,
			);
			runOnlyForDeploymentPostprocessing = 0;
		};
/* End PBXSourcesBuildPhase section */

/* Begin PBXVariantGroup section */
		841D301B23CDF854006FA31B /* LaunchScreen.storyboard */ = {
			isa = PBXVariantGroup;
			children = (
				841D301C23CDF854006FA31B /* Base */,
			);
			name = LaunchScreen.storyboard;
			sourceTree = "<group>";
		};
/* End PBXVariantGroup section */

/* Begin XCBuildConfiguration section */
		841D301F23CDF854006FA31B /* Debug */ = {
			isa = XCBuildConfiguration;
			buildSettings = {
				ALWAYS_SEARCH_USER_PATHS = NO;
				CLANG_ANALYZER_NONNULL = YES;
				CLANG_ANALYZER_NUMBER_OBJECT_CONVERSION = YES_AGGRESSIVE;
				CLANG_CXX_LANGUAGE_STANDARD = "gnu++14";
				CLANG_CXX_LIBRARY = "libc++";
				CLANG_ENABLE_MODULES = YES;
				CLANG_ENABLE_OBJC_ARC = YES;
				CLANG_ENABLE_OBJC_WEAK = YES;
				CLANG_WARN_BLOCK_CAPTURE_AUTORELEASING = YES;
				CLANG_WARN_BOOL_CONVERSION = YES;
				CLANG_WARN_COMMA = YES;
				CLANG_WARN_CONSTANT_CONVERSION = YES;
				CLANG_WARN_DEPRECATED_OBJC_IMPLEMENTATIONS = YES;
				CLANG_WARN_DIRECT_OBJC_ISA_USAGE = YES_ERROR;
				CLANG_WARN_DOCUMENTATION_COMMENTS = YES;
				CLANG_WARN_EMPTY_BODY = YES;
				CLANG_WARN_ENUM_CONVERSION = YES;
				CLANG_WARN_INFINITE_RECURSION = YES;
				CLANG_WARN_INT_CONVERSION = YES;
				CLANG_WARN_NON_LITERAL_NULL_CONVERSION = YES;
				CLANG_WARN_OBJC_IMPLICIT_RETAIN_SELF = YES;
				CLANG_WARN_OBJC_LITERAL_CONVERSION = YES;
				CLANG_WARN_OBJC_ROOT_CLASS = YES_ERROR;
				CLANG_WARN_RANGE_LOOP_ANALYSIS = YES;
				CLANG_WARN_STRICT_PROTOTYPES = YES;
				CLANG_WARN_SUSPICIOUS_MOVE = YES;
				CLANG_WARN_UNGUARDED_AVAILABILITY = YES_AGGRESSIVE;
				CLANG_WARN_UNREACHABLE_CODE = YES;
				CLANG_WARN__DUPLICATE_METHOD_MATCH = YES;
				COPY_PHASE_STRIP = NO;
				DEBUG_INFORMATION_FORMAT = dwarf;
				ENABLE_STRICT_OBJC_MSGSEND = YES;
				ENABLE_TESTABILITY = YES;
				GCC_C_LANGUAGE_STANDARD = gnu11;
				GCC_DYNAMIC_NO_PIC = NO;
				GCC_NO_COMMON_BLOCKS = YES;
				GCC_OPTIMIZATION_LEVEL = 0;
				GCC_PREPROCESSOR_DEFINITIONS = (
					"DEBUG=1",
					"$(inherited)",
				);
				GCC_WARN_64_TO_32_BIT_CONVERSION = YES;
				GCC_WARN_ABOUT_RETURN_TYPE = YES_ERROR;
				GCC_WARN_UNDECLARED_SELECTOR = YES;
				GCC_WARN_UNINITIALIZED_AUTOS = YES_AGGRESSIVE;
				GCC_WARN_UNUSED_FUNCTION = YES;
				GCC_WARN_UNUSED_VARIABLE = YES;
				IPHONEOS_DEPLOYMENT_TARGET = 13.2;
				MTL_ENABLE_DEBUG_INFO = INCLUDE_SOURCE;
				MTL_FAST_MATH = YES;
				ONLY_ACTIVE_ARCH = YES;
				SDKROOT = iphoneos;
				SWIFT_ACTIVE_COMPILATION_CONDITIONS = DEBUG;
				SWIFT_OPTIMIZATION_LEVEL = "-Onone";
			};
			name = Debug;
		};
		841D302023CDF854006FA31B /* Release */ = {
			isa = XCBuildConfiguration;
			buildSettings = {
				ALWAYS_SEARCH_USER_PATHS = NO;
				CLANG_ANALYZER_NONNULL = YES;
				CLANG_ANALYZER_NUMBER_OBJECT_CONVERSION = YES_AGGRESSIVE;
				CLANG_CXX_LANGUAGE_STANDARD = "gnu++14";
				CLANG_CXX_LIBRARY = "libc++";
				CLANG_ENABLE_MODULES = YES;
				CLANG_ENABLE_OBJC_ARC = YES;
				CLANG_ENABLE_OBJC_WEAK = YES;
				CLANG_WARN_BLOCK_CAPTURE_AUTORELEASING = YES;
				CLANG_WARN_BOOL_CONVERSION = YES;
				CLANG_WARN_COMMA = YES;
				CLANG_WARN_CONSTANT_CONVERSION = YES;
				CLANG_WARN_DEPRECATED_OBJC_IMPLEMENTATIONS = YES;
				CLANG_WARN_DIRECT_OBJC_ISA_USAGE = YES_ERROR;
				CLANG_WARN_DOCUMENTATION_COMMENTS = YES;
				CLANG_WARN_EMPTY_BODY = YES;
				CLANG_WARN_ENUM_CONVERSION = YES;
				CLANG_WARN_INFINITE_RECURSION = YES;
				CLANG_WARN_INT_CONVERSION = YES;
				CLANG_WARN_NON_LITERAL_NULL_CONVERSION = YES;
				CLANG_WARN_OBJC_IMPLICIT_RETAIN_SELF = YES;
				CLANG_WARN_OBJC_LITERAL_CONVERSION = YES;
				CLANG_WARN_OBJC_ROOT_CLASS = YES_ERROR;
				CLANG_WARN_RANGE_LOOP_ANALYSIS = YES;
				CLANG_WARN_STRICT_PROTOTYPES = YES;
				CLANG_WARN_SUSPICIOUS_MOVE = YES;
				CLANG_WARN_UNGUARDED_AVAILABILITY = YES_AGGRESSIVE;
				CLANG_WARN_UNREACHABLE_CODE = YES;
				CLANG_WARN__DUPLICATE_METHOD_MATCH = YES;
				COPY_PHASE_STRIP = NO;
				DEBUG_INFORMATION_FORMAT = "dwarf-with-dsym";
				ENABLE_NS_ASSERTIONS = NO;
				ENABLE_STRICT_OBJC_MSGSEND = YES;
				GCC_C_LANGUAGE_STANDARD = gnu11;
				GCC_NO_COMMON_BLOCKS = YES;
				GCC_WARN_64_TO_32_BIT_CONVERSION = YES;
				GCC_WARN_ABOUT_RETURN_TYPE = YES_ERROR;
				GCC_WARN_UNDECLARED_SELECTOR = YES;
				GCC_WARN_UNINITIALIZED_AUTOS = YES_AGGRESSIVE;
				GCC_WARN_UNUSED_FUNCTION = YES;
				GCC_WARN_UNUSED_VARIABLE = YES;
				IPHONEOS_DEPLOYMENT_TARGET = 13.2;
				MTL_ENABLE_DEBUG_INFO = NO;
				MTL_FAST_MATH = YES;
				SDKROOT = iphoneos;
				SWIFT_COMPILATION_MODE = wholemodule;
				SWIFT_OPTIMIZATION_LEVEL = "-O";
				VALIDATE_PRODUCT = YES;
			};
			name = Release;
		};
		841D302223CDF854006FA31B /* Debug */ = {
			isa = XCBuildConfiguration;
			buildSettings = {
				ASSETCATALOG_COMPILER_APPICON_NAME = AppIcon;
				CODE_SIGN_ENTITLEMENTS = ILoveYouFood/ILoveYouFood.entitlements;
				CODE_SIGN_STYLE = Automatic;
				DEVELOPMENT_TEAM = Z76F7M3L8T;
				FRAMEWORK_SEARCH_PATHS = (
					"$(inherited)",
					"$(PROJECT_DIR)/Carthage/Build/iOS",
				);
				INFOPLIST_FILE = ILoveYouFood/Info.plist;
				LD_RUNPATH_SEARCH_PATHS = (
					"$(inherited)",
					"@executable_path/Frameworks",
				);
				PRODUCT_BUNDLE_IDENTIFIER = com.rinatkutuev.junior.ILoveYouFood;
				PRODUCT_NAME = "$(TARGET_NAME)";
				SWIFT_VERSION = 5.0;
				TARGETED_DEVICE_FAMILY = "1,2";
			};
			name = Debug;
		};
		841D302323CDF854006FA31B /* Release */ = {
			isa = XCBuildConfiguration;
			buildSettings = {
				ASSETCATALOG_COMPILER_APPICON_NAME = AppIcon;
				CODE_SIGN_ENTITLEMENTS = ILoveYouFood/ILoveYouFood.entitlements;
				CODE_SIGN_STYLE = Automatic;
				DEVELOPMENT_TEAM = Z76F7M3L8T;
				FRAMEWORK_SEARCH_PATHS = (
					"$(inherited)",
					"$(PROJECT_DIR)/Carthage/Build/iOS",
				);
				INFOPLIST_FILE = ILoveYouFood/Info.plist;
				LD_RUNPATH_SEARCH_PATHS = (
					"$(inherited)",
					"@executable_path/Frameworks",
				);
				PRODUCT_BUNDLE_IDENTIFIER = com.rinatkutuev.junior.ILoveYouFood;
				PRODUCT_NAME = "$(TARGET_NAME)";
				SWIFT_VERSION = 5.0;
				TARGETED_DEVICE_FAMILY = "1,2";
			};
			name = Release;
		};
/* End XCBuildConfiguration section */

/* Begin XCConfigurationList section */
		841D300523CDF854006FA31B /* Build configuration list for PBXProject "ILoveYouFood" */ = {
			isa = XCConfigurationList;
			buildConfigurations = (
				841D301F23CDF854006FA31B /* Debug */,
				841D302023CDF854006FA31B /* Release */,
			);
			defaultConfigurationIsVisible = 0;
			defaultConfigurationName = Release;
		};
		841D302123CDF854006FA31B /* Build configuration list for PBXNativeTarget "ILoveYouFood" */ = {
			isa = XCConfigurationList;
			buildConfigurations = (
				841D302223CDF854006FA31B /* Debug */,
				841D302323CDF854006FA31B /* Release */,
			);
			defaultConfigurationIsVisible = 0;
			defaultConfigurationName = Release;
		};
/* End XCConfigurationList section */

/* Begin XCVersionGroup section */
		841D301623CDF854006FA31B /* ILoveYouFood.xcdatamodeld */ = {
			isa = XCVersionGroup;
			children = (
				841D301723CDF854006FA31B /* ILoveYouFood.xcdatamodel */,
			);
			currentVersion = 841D301723CDF854006FA31B /* ILoveYouFood.xcdatamodel */;
			path = ILoveYouFood.xcdatamodeld;
			sourceTree = "<group>";
			versionGroupType = wrapper.xcdatamodel;
		};
/* End XCVersionGroup section */
	};
	rootObject = 841D300223CDF854006FA31B /* Project object */;
}
