// !$*UTF8*$!
{
	archiveVersion = 1;
	classes = {
	};
	objectVersion = 50;
	objects = {

/* Begin PBXBuildFile section */
		84D829CF23D08FC8000FE5BD /* AppDelegate.swift in Sources */ = {isa = PBXBuildFile; fileRef = 84D829CE23D08FC8000FE5BD /* AppDelegate.swift */; };
		84D829D123D08FC8000FE5BD /* SceneDelegate.swift in Sources */ = {isa = PBXBuildFile; fileRef = 84D829D023D08FC8000FE5BD /* SceneDelegate.swift */; };
		84D829D323D08FC8000FE5BD /* ViewController.swift in Sources */ = {isa = PBXBuildFile; fileRef = 84D829D223D08FC8000FE5BD /* ViewController.swift */; };
		84D829D623D08FC8000FE5BD /* Main.storyboard in Resources */ = {isa = PBXBuildFile; fileRef = 84D829D423D08FC8000FE5BD /* Main.storyboard */; };
		84D829D923D08FC8000FE5BD /* testingcloudkit.xcdatamodeld in Sources */ = {isa = PBXBuildFile; fileRef = 84D829D723D08FC8000FE5BD /* testingcloudkit.xcdatamodeld */; };
		84D829DB23D08FC9000FE5BD /* Assets.xcassets in Resources */ = {isa = PBXBuildFile; fileRef = 84D829DA23D08FC9000FE5BD /* Assets.xcassets */; };
		84D829DE23D08FC9000FE5BD /* LaunchScreen.storyboard in Resources */ = {isa = PBXBuildFile; fileRef = 84D829DC23D08FC9000FE5BD /* LaunchScreen.storyboard */; };
/* End PBXBuildFile section */

/* Begin PBXFileReference section */
		84D829CB23D08FC8000FE5BD /* testingcloudkit.app */ = {isa = PBXFileReference; explicitFileType = wrapper.application; includeInIndex = 0; path = testingcloudkit.app; sourceTree = BUILT_PRODUCTS_DIR; };
		84D829CE23D08FC8000FE5BD /* AppDelegate.swift */ = {isa = PBXFileReference; lastKnownFileType = sourcecode.swift; path = AppDelegate.swift; sourceTree = "<group>"; };
		84D829D023D08FC8000FE5BD /* SceneDelegate.swift */ = {isa = PBXFileReference; lastKnownFileType = sourcecode.swift; path = SceneDelegate.swift; sourceTree = "<group>"; };
		84D829D223D08FC8000FE5BD /* ViewController.swift */ = {isa = PBXFileReference; lastKnownFileType = sourcecode.swift; path = ViewController.swift; sourceTree = "<group>"; };
		84D829D523D08FC8000FE5BD /* Base */ = {isa = PBXFileReference; lastKnownFileType = file.storyboard; name = Base; path = Base.lproj/Main.storyboard; sourceTree = "<group>"; };
		84D829D823D08FC8000FE5BD /* testingcloudkit.xcdatamodel */ = {isa = PBXFileReference; lastKnownFileType = wrapper.xcdatamodel; path = testingcloudkit.xcdatamodel; sourceTree = "<group>"; };
		84D829DA23D08FC9000FE5BD /* Assets.xcassets */ = {isa = PBXFileReference; lastKnownFileType = folder.assetcatalog; path = Assets.xcassets; sourceTree = "<group>"; };
		84D829DD23D08FC9000FE5BD /* Base */ = {isa = PBXFileReference; lastKnownFileType = file.storyboard; name = Base; path = Base.lproj/LaunchScreen.storyboard; sourceTree = "<group>"; };
		84D829DF23D08FC9000FE5BD /* Info.plist */ = {isa = PBXFileReference; lastKnownFileType = text.plist.xml; path = Info.plist; sourceTree = "<group>"; };
/* End PBXFileReference section */

/* Begin PBXFrameworksBuildPhase section */
		84D829C823D08FC8000FE5BD /* Frameworks */ = {
			isa = PBXFrameworksBuildPhase;
			buildActionMask = 2147483647;
			files = (
			);
			runOnlyForDeploymentPostprocessing = 0;
		};
/* End PBXFrameworksBuildPhase section */

/* Begin PBXGroup section */
		84D829C223D08FC8000FE5BD = {
			isa = PBXGroup;
			children = (
				84D829CD23D08FC8000FE5BD /* testingcloudkit */,
				84D829CC23D08FC8000FE5BD /* Products */,
			);
			sourceTree = "<group>";
		};
		84D829CC23D08FC8000FE5BD /* Products */ = {
			isa = PBXGroup;
			children = (
				84D829CB23D08FC8000FE5BD /* testingcloudkit.app */,
			);
			name = Products;
			sourceTree = "<group>";
		};
		84D829CD23D08FC8000FE5BD /* testingcloudkit */ = {
			isa = PBXGroup;
			children = (
				84D829CE23D08FC8000FE5BD /* AppDelegate.swift */,
				84D829D023D08FC8000FE5BD /* SceneDelegate.swift */,
				84D829D223D08FC8000FE5BD /* ViewController.swift */,
				84D829D423D08FC8000FE5BD /* Main.storyboard */,
				84D829DA23D08FC9000FE5BD /* Assets.xcassets */,
				84D829DC23D08FC9000FE5BD /* LaunchScreen.storyboard */,
				84D829DF23D08FC9000FE5BD /* Info.plist */,
				84D829D723D08FC8000FE5BD /* testingcloudkit.xcdatamodeld */,
			);
			path = testingcloudkit;
			sourceTree = "<group>";
		};
/* End PBXGroup section */

/* Begin PBXNativeTarget section */
		84D829CA23D08FC8000FE5BD /* testingcloudkit */ = {
			isa = PBXNativeTarget;
			buildConfigurationList = 84D829E223D08FC9000FE5BD /* Build configuration list for PBXNativeTarget "testingcloudkit" */;
			buildPhases = (
				84D829C723D08FC8000FE5BD /* Sources */,
				84D829C823D08FC8000FE5BD /* Frameworks */,
				84D829C923D08FC8000FE5BD /* Resources */,
			);
			buildRules = (
			);
			dependencies = (
			);
			name = testingcloudkit;
			productName = testingcloudkit;
			productReference = 84D829CB23D08FC8000FE5BD /* testingcloudkit.app */;
			productType = "com.apple.product-type.application";
		};
/* End PBXNativeTarget section */

/* Begin PBXProject section */
		84D829C323D08FC8000FE5BD /* Project object */ = {
			isa = PBXProject;
			attributes = {
				LastSwiftUpdateCheck = 1130;
				LastUpgradeCheck = 1130;
				ORGANIZATIONNAME = "Rinat Kutuev";
				TargetAttributes = {
					84D829CA23D08FC8000FE5BD = {
						CreatedOnToolsVersion = 11.3;
					};
				};
			};
			buildConfigurationList = 84D829C623D08FC8000FE5BD /* Build configuration list for PBXProject "testingcloudkit" */;
			compatibilityVersion = "Xcode 9.3";
			developmentRegion = en;
			hasScannedForEncodings = 0;
			knownRegions = (
				en,
				Base,
			);
			mainGroup = 84D829C223D08FC8000FE5BD;
			productRefGroup = 84D829CC23D08FC8000FE5BD /* Products */;
			projectDirPath = "";
			projectRoot = "";
			targets = (
				84D829CA23D08FC8000FE5BD /* testingcloudkit */,
			);
		};
/* End PBXProject section */

/* Begin PBXResourcesBuildPhase section */
		84D829C923D08FC8000FE5BD /* Resources */ = {
			isa = PBXResourcesBuildPhase;
			buildActionMask = 2147483647;
			files = (
				84D829DE23D08FC9000FE5BD /* LaunchScreen.storyboard in Resources */,
				84D829DB23D08FC9000FE5BD /* Assets.xcassets in Resources */,
				84D829D623D08FC8000FE5BD /* Main.storyboard in Resources */,
			);
			runOnlyForDeploymentPostprocessing = 0;
		};
/* End PBXResourcesBuildPhase section */

/* Begin PBXSourcesBuildPhase section */
		84D829C723D08FC8000FE5BD /* Sources */ = {
			isa = PBXSourcesBuildPhase;
			buildActionMask = 2147483647;
			files = (
				84D829D323D08FC8000FE5BD /* ViewController.swift in Sources */,
				84D829D923D08FC8000FE5BD /* testingcloudkit.xcdatamodeld in Sources */,
				84D829CF23D08FC8000FE5BD /* AppDelegate.swift in Sources */,
				84D829D123D08FC8000FE5BD /* SceneDelegate.swift in Sources */,
			);
			runOnlyForDeploymentPostprocessing = 0;
		};
/* End PBXSourcesBuildPhase section */

/* Begin PBXVariantGroup section */
		84D829D423D08FC8000FE5BD /* Main.storyboard */ = {
			isa = PBXVariantGroup;
			children = (
				84D829D523D08FC8000FE5BD /* Base */,
			);
			name = Main.storyboard;
			sourceTree = "<group>";
		};
		84D829DC23D08FC9000FE5BD /* LaunchScreen.storyboard */ = {
			isa = PBXVariantGroup;
			children = (
				84D829DD23D08FC9000FE5BD /* Base */,
			);
			name = LaunchScreen.storyboard;
			sourceTree = "<group>";
		};
/* End PBXVariantGroup section */

/* Begin XCBuildConfiguration section */
		84D829E023D08FC9000FE5BD /* Debug */ = {
			isa = XCBuildConfiguration;
			buildSettings = {
				ALWAYS_SEARCH_USER_PATHS = NO;
				CLANG_ANALYZER_NONNULL = YES;
				CLANG_ANALYZER_NUMBER_OBJECT_CONVERSION = YES_AGGRESSIVE;
				CLANG_CXX_LANGUAGE_STANDARD = "gnu++14";
				CLANG_CXX_LIBRARY = "libc++";
				CLANG_ENABLE_MODULES = YES;
				CLANG_ENABLE_OBJC_ARC = YES;
				CLANG_ENABLE_OBJC_WEAK = YES;
				CLANG_WARN_BLOCK_CAPTURE_AUTORELEASING = YES;
				CLANG_WARN_BOOL_CONVERSION = YES;
				CLANG_WARN_COMMA = YES;
				CLANG_WARN_CONSTANT_CONVERSION = YES;
				CLANG_WARN_DEPRECATED_OBJC_IMPLEMENTATIONS = YES;
				CLANG_WARN_DIRECT_OBJC_ISA_USAGE = YES_ERROR;
				CLANG_WARN_DOCUMENTATION_COMMENTS = YES;
				CLANG_WARN_EMPTY_BODY = YES;
				CLANG_WARN_ENUM_CONVERSION = YES;
				CLANG_WARN_INFINITE_RECURSION = YES;
				CLANG_WARN_INT_CONVERSION = YES;
				CLANG_WARN_NON_LITERAL_NULL_CONVERSION = YES;
				CLANG_WARN_OBJC_IMPLICIT_RETAIN_SELF = YES;
				CLANG_WARN_OBJC_LITERAL_CONVERSION = YES;
				CLANG_WARN_OBJC_ROOT_CLASS = YES_ERROR;
				CLANG_WARN_RANGE_LOOP_ANALYSIS = YES;
				CLANG_WARN_STRICT_PROTOTYPES = YES;
				CLANG_WARN_SUSPICIOUS_MOVE = YES;
				CLANG_WARN_UNGUARDED_AVAILABILITY = YES_AGGRESSIVE;
				CLANG_WARN_UNREACHABLE_CODE = YES;
				CLANG_WARN__DUPLICATE_METHOD_MATCH = YES;
				COPY_PHASE_STRIP = NO;
				DEBUG_INFORMATION_FORMAT = dwarf;
				ENABLE_STRICT_OBJC_MSGSEND = YES;
				ENABLE_TESTABILITY = YES;
				GCC_C_LANGUAGE_STANDARD = gnu11;
				GCC_DYNAMIC_NO_PIC = NO;
				GCC_NO_COMMON_BLOCKS = YES;
				GCC_OPTIMIZATION_LEVEL = 0;
				GCC_PREPROCESSOR_DEFINITIONS = (
					"DEBUG=1",
					"$(inherited)",
				);
				GCC_WARN_64_TO_32_BIT_CONVERSION = YES;
				GCC_WARN_ABOUT_RETURN_TYPE = YES_ERROR;
				GCC_WARN_UNDECLARED_SELECTOR = YES;
				GCC_WARN_UNINITIALIZED_AUTOS = YES_AGGRESSIVE;
				GCC_WARN_UNUSED_FUNCTION = YES;
				GCC_WARN_UNUSED_VARIABLE = YES;
				IPHONEOS_DEPLOYMENT_TARGET = 13.2;
				MTL_ENABLE_DEBUG_INFO = INCLUDE_SOURCE;
				MTL_FAST_MATH = YES;
				ONLY_ACTIVE_ARCH = YES;
				SDKROOT = iphoneos;
				SWIFT_ACTIVE_COMPILATION_CONDITIONS = DEBUG;
				SWIFT_OPTIMIZATION_LEVEL = "-Onone";
			};
			name = Debug;
		};
		84D829E123D08FC9000FE5BD /* Release */ = {
			isa = XCBuildConfiguration;
			buildSettings = {
				ALWAYS_SEARCH_USER_PATHS = NO;
				CLANG_ANALYZER_NONNULL = YES;
				CLANG_ANALYZER_NUMBER_OBJECT_CONVERSION = YES_AGGRESSIVE;
				CLANG_CXX_LANGUAGE_STANDARD = "gnu++14";
				CLANG_CXX_LIBRARY = "libc++";
				CLANG_ENABLE_MODULES = YES;
				CLANG_ENABLE_OBJC_ARC = YES;
				CLANG_ENABLE_OBJC_WEAK = YES;
				CLANG_WARN_BLOCK_CAPTURE_AUTORELEASING = YES;
				CLANG_WARN_BOOL_CONVERSION = YES;
				CLANG_WARN_COMMA = YES;
				CLANG_WARN_CONSTANT_CONVERSION = YES;
				CLANG_WARN_DEPRECATED_OBJC_IMPLEMENTATIONS = YES;
				CLANG_WARN_DIRECT_OBJC_ISA_USAGE = YES_ERROR;
				CLANG_WARN_DOCUMENTATION_COMMENTS = YES;
				CLANG_WARN_EMPTY_BODY = YES;
				CLANG_WARN_ENUM_CONVERSION = YES;
				CLANG_WARN_INFINITE_RECURSION = YES;
				CLANG_WARN_INT_CONVERSION = YES;
				CLANG_WARN_NON_LITERAL_NULL_CONVERSION = YES;
				CLANG_WARN_OBJC_IMPLICIT_RETAIN_SELF = YES;
				CLANG_WARN_OBJC_LITERAL_CONVERSION = YES;
				CLANG_WARN_OBJC_ROOT_CLASS = YES_ERROR;
				CLANG_WARN_RANGE_LOOP_ANALYSIS = YES;
				CLANG_WARN_STRICT_PROTOTYPES = YES;
				CLANG_WARN_SUSPICIOUS_MOVE = YES;
				CLANG_WARN_UNGUARDED_AVAILABILITY = YES_AGGRESSIVE;
				CLANG_WARN_UNREACHABLE_CODE = YES;
				CLANG_WARN__DUPLICATE_METHOD_MATCH = YES;
				COPY_PHASE_STRIP = NO;
				DEBUG_INFORMATION_FORMAT = "dwarf-with-dsym";
				ENABLE_NS_ASSERTIONS = NO;
				ENABLE_STRICT_OBJC_MSGSEND = YES;
				GCC_C_LANGUAGE_STANDARD = gnu11;
				GCC_NO_COMMON_BLOCKS = YES;
				GCC_WARN_64_TO_32_BIT_CONVERSION = YES;
				GCC_WARN_ABOUT_RETURN_TYPE = YES_ERROR;
				GCC_WARN_UNDECLARED_SELECTOR = YES;
				GCC_WARN_UNINITIALIZED_AUTOS = YES_AGGRESSIVE;
				GCC_WARN_UNUSED_FUNCTION = YES;
				GCC_WARN_UNUSED_VARIABLE = YES;
				IPHONEOS_DEPLOYMENT_TARGET = 13.2;
				MTL_ENABLE_DEBUG_INFO = NO;
				MTL_FAST_MATH = YES;
				SDKROOT = iphoneos;
				SWIFT_COMPILATION_MODE = wholemodule;
				SWIFT_OPTIMIZATION_LEVEL = "-O";
				VALIDATE_PRODUCT = YES;
			};
			name = Release;
		};
		84D829E323D08FC9000FE5BD /* Debug */ = {
			isa = XCBuildConfiguration;
			buildSettings = {
				ASSETCATALOG_COMPILER_APPICON_NAME = AppIcon;
				CODE_SIGN_STYLE = Automatic;
				DEVELOPMENT_TEAM = JR67M7A88L;
				INFOPLIST_FILE = testingcloudkit/Info.plist;
				LD_RUNPATH_SEARCH_PATHS = (
					"$(inherited)",
					"@executable_path/Frameworks",
				);
				PRODUCT_BUNDLE_IDENTIFIER = com.rinatkutuev.junior.testingcloudkit;
				PRODUCT_NAME = "$(TARGET_NAME)";
				SWIFT_VERSION = 5.0;
				TARGETED_DEVICE_FAMILY = "1,2";
			};
			name = Debug;
		};
		84D829E423D08FC9000FE5BD /* Release */ = {
			isa = XCBuildConfiguration;
			buildSettings = {
				ASSETCATALOG_COMPILER_APPICON_NAME = AppIcon;
				CODE_SIGN_STYLE = Automatic;
				DEVELOPMENT_TEAM = JR67M7A88L;
				INFOPLIST_FILE = testingcloudkit/Info.plist;
				LD_RUNPATH_SEARCH_PATHS = (
					"$(inherited)",
					"@executable_path/Frameworks",
				);
				PRODUCT_BUNDLE_IDENTIFIER = com.rinatkutuev.junior.testingcloudkit;
				PRODUCT_NAME = "$(TARGET_NAME)";
				SWIFT_VERSION = 5.0;
				TARGETED_DEVICE_FAMILY = "1,2";
			};
			name = Release;
		};
/* End XCBuildConfiguration section */

/* Begin XCConfigurationList section */
		84D829C623D08FC8000FE5BD /* Build configuration list for PBXProject "testingcloudkit" */ = {
			isa = XCConfigurationList;
			buildConfigurations = (
				84D829E023D08FC9000FE5BD /* Debug */,
				84D829E123D08FC9000FE5BD /* Release */,
			);
			defaultConfigurationIsVisible = 0;
			defaultConfigurationName = Release;
		};
		84D829E223D08FC9000FE5BD /* Build configuration list for PBXNativeTarget "testingcloudkit" */ = {
			isa = XCConfigurationList;
			buildConfigurations = (
				84D829E323D08FC9000FE5BD /* Debug */,
				84D829E423D08FC9000FE5BD /* Release */,
			);
			defaultConfigurationIsVisible = 0;
			defaultConfigurationName = Release;
		};
/* End XCConfigurationList section */

/* Begin XCVersionGroup section */
		84D829D723D08FC8000FE5BD /* testingcloudkit.xcdatamodeld */ = {
			isa = XCVersionGroup;
			children = (
				84D829D823D08FC8000FE5BD /* testingcloudkit.xcdatamodel */,
			);
			currentVersion = 84D829D823D08FC8000FE5BD /* testingcloudkit.xcdatamodel */;
			path = testingcloudkit.xcdatamodeld;
			sourceTree = "<group>";
			versionGroupType = wrapper.xcdatamodel;
		};
/* End XCVersionGroup section */
	};
	rootObject = 84D829C323D08FC8000FE5BD /* Project object */;
}
