// !$*UTF8*$!
{
	archiveVersion = 1;
	classes = {
	};
	objectVersion = 50;
	objects = {

/* Begin PBXBuildFile section */
		8445754F23AB78FD007BD4FB /* AppDelegate.swift in Sources */ = {isa = PBXBuildFile; fileRef = 8445754E23AB78FD007BD4FB /* AppDelegate.swift */; };
		8445755123AB78FD007BD4FB /* SceneDelegate.swift in Sources */ = {isa = PBXBuildFile; fileRef = 8445755023AB78FD007BD4FB /* SceneDelegate.swift */; };
		8445755623AB78FD007BD4FB /* Main.storyboard in Resources */ = {isa = PBXBuildFile; fileRef = 8445755423AB78FD007BD4FB /* Main.storyboard */; };
		8445755823AB78FD007BD4FB /* Assets.xcassets in Resources */ = {isa = PBXBuildFile; fileRef = 8445755723AB78FD007BD4FB /* Assets.xcassets */; };
		8445755B23AB78FD007BD4FB /* LaunchScreen.storyboard in Resources */ = {isa = PBXBuildFile; fileRef = 8445755923AB78FD007BD4FB /* LaunchScreen.storyboard */; };
		8445756323AB7A0A007BD4FB /* MealTableViewCell.swift in Sources */ = {isa = PBXBuildFile; fileRef = 8445756223AB7A0A007BD4FB /* MealTableViewCell.swift */; };
		8445756723AB7E1F007BD4FB /* MealTableViewController.swift in Sources */ = {isa = PBXBuildFile; fileRef = 8445756623AB7E1F007BD4FB /* MealTableViewController.swift */; };
		8445756923AB8268007BD4FB /* MealStruct.swift in Sources */ = {isa = PBXBuildFile; fileRef = 8445756823AB8268007BD4FB /* MealStruct.swift */; };
		8445756D23ABA427007BD4FB /* DetailViewController.swift in Sources */ = {isa = PBXBuildFile; fileRef = 8445756C23ABA427007BD4FB /* DetailViewController.swift */; };
		8445757123ABA47C007BD4FB /* DetailTableViewCell.swift in Sources */ = {isa = PBXBuildFile; fileRef = 8445757023ABA47C007BD4FB /* DetailTableViewCell.swift */; };
		844BDB0923ACCA8000FC3815 /* Dishes.json in Resources */ = {isa = PBXBuildFile; fileRef = 844BDB0823ACCA8000FC3815 /* Dishes.json */; };
		844BDB0B23ACCF2F00FC3815 /* RecipeStruct.swift in Sources */ = {isa = PBXBuildFile; fileRef = 844BDB0A23ACCF2F00FC3815 /* RecipeStruct.swift */; };
/* End PBXBuildFile section */

/* Begin PBXFileReference section */
		8445754B23AB78FD007BD4FB /* RecipeManager.app */ = {isa = PBXFileReference; explicitFileType = wrapper.application; includeInIndex = 0; path = RecipeManager.app; sourceTree = BUILT_PRODUCTS_DIR; };
		8445754E23AB78FD007BD4FB /* AppDelegate.swift */ = {isa = PBXFileReference; lastKnownFileType = sourcecode.swift; path = AppDelegate.swift; sourceTree = "<group>"; };
		8445755023AB78FD007BD4FB /* SceneDelegate.swift */ = {isa = PBXFileReference; lastKnownFileType = sourcecode.swift; path = SceneDelegate.swift; sourceTree = "<group>"; };
		8445755523AB78FD007BD4FB /* Base */ = {isa = PBXFileReference; lastKnownFileType = file.storyboard; name = Base; path = Base.lproj/Main.storyboard; sourceTree = "<group>"; };
		8445755723AB78FD007BD4FB /* Assets.xcassets */ = {isa = PBXFileReference; lastKnownFileType = folder.assetcatalog; path = Assets.xcassets; sourceTree = "<group>"; };
		8445755A23AB78FD007BD4FB /* Base */ = {isa = PBXFileReference; lastKnownFileType = file.storyboard; name = Base; path = Base.lproj/LaunchScreen.storyboard; sourceTree = "<group>"; };
		8445755C23AB78FD007BD4FB /* Info.plist */ = {isa = PBXFileReference; lastKnownFileType = text.plist.xml; path = Info.plist; sourceTree = "<group>"; };
		8445756223AB7A0A007BD4FB /* MealTableViewCell.swift */ = {isa = PBXFileReference; lastKnownFileType = sourcecode.swift; path = MealTableViewCell.swift; sourceTree = "<group>"; };
		8445756623AB7E1F007BD4FB /* MealTableViewController.swift */ = {isa = PBXFileReference; lastKnownFileType = sourcecode.swift; path = MealTableViewController.swift; sourceTree = "<group>"; };
		8445756823AB8268007BD4FB /* MealStruct.swift */ = {isa = PBXFileReference; lastKnownFileType = sourcecode.swift; path = MealStruct.swift; sourceTree = "<group>"; };
		8445756C23ABA427007BD4FB /* DetailViewController.swift */ = {isa = PBXFileReference; lastKnownFileType = sourcecode.swift; path = DetailViewController.swift; sourceTree = "<group>"; };
		8445757023ABA47C007BD4FB /* DetailTableViewCell.swift */ = {isa = PBXFileReference; lastKnownFileType = sourcecode.swift; path = DetailTableViewCell.swift; sourceTree = "<group>"; };
		844BDB0823ACCA8000FC3815 /* Dishes.json */ = {isa = PBXFileReference; explicitFileType = text.json; path = Dishes.json; sourceTree = "<group>"; };
		844BDB0A23ACCF2F00FC3815 /* RecipeStruct.swift */ = {isa = PBXFileReference; lastKnownFileType = sourcecode.swift; path = RecipeStruct.swift; sourceTree = "<group>"; };
/* End PBXFileReference section */

/* Begin PBXFrameworksBuildPhase section */
		8445754823AB78FD007BD4FB /* Frameworks */ = {
			isa = PBXFrameworksBuildPhase;
			buildActionMask = 2147483647;
			files = (
			);
			runOnlyForDeploymentPostprocessing = 0;
		};
/* End PBXFrameworksBuildPhase section */

/* Begin PBXGroup section */
		8445754223AB78FD007BD4FB = {
			isa = PBXGroup;
			children = (
				8445754D23AB78FD007BD4FB /* RecipeManager */,
				8445754C23AB78FD007BD4FB /* Products */,
			);
			sourceTree = "<group>";
		};
		8445754C23AB78FD007BD4FB /* Products */ = {
			isa = PBXGroup;
			children = (
				8445754B23AB78FD007BD4FB /* RecipeManager.app */,
			);
			name = Products;
			sourceTree = "<group>";
		};
		8445754D23AB78FD007BD4FB /* RecipeManager */ = {
			isa = PBXGroup;
			children = (
				844BDB0823ACCA8000FC3815 /* Dishes.json */,
				8445754E23AB78FD007BD4FB /* AppDelegate.swift */,
				8445755023AB78FD007BD4FB /* SceneDelegate.swift */,
				8445755423AB78FD007BD4FB /* Main.storyboard */,
				8445755723AB78FD007BD4FB /* Assets.xcassets */,
				8445755923AB78FD007BD4FB /* LaunchScreen.storyboard */,
				8445755C23AB78FD007BD4FB /* Info.plist */,
				8445756223AB7A0A007BD4FB /* MealTableViewCell.swift */,
				8445756623AB7E1F007BD4FB /* MealTableViewController.swift */,
				8445756823AB8268007BD4FB /* MealStruct.swift */,
				8445756C23ABA427007BD4FB /* DetailViewController.swift */,
				8445757023ABA47C007BD4FB /* DetailTableViewCell.swift */,
				844BDB0A23ACCF2F00FC3815 /* RecipeStruct.swift */,
			);
			path = RecipeManager;
			sourceTree = "<group>";
		};
/* End PBXGroup section */

/* Begin PBXNativeTarget section */
		8445754A23AB78FD007BD4FB /* RecipeManager */ = {
			isa = PBXNativeTarget;
			buildConfigurationList = 8445755F23AB78FD007BD4FB /* Build configuration list for PBXNativeTarget "RecipeManager" */;
			buildPhases = (
				8445754723AB78FD007BD4FB /* Sources */,
				8445754823AB78FD007BD4FB /* Frameworks */,
				8445754923AB78FD007BD4FB /* Resources */,
			);
			buildRules = (
			);
			dependencies = (
			);
			name = RecipeManager;
			productName = RecipeManager;
			productReference = 8445754B23AB78FD007BD4FB /* RecipeManager.app */;
			productType = "com.apple.product-type.application";
		};
/* End PBXNativeTarget section */

/* Begin PBXProject section */
		8445754323AB78FD007BD4FB /* Project object */ = {
			isa = PBXProject;
			attributes = {
				LastSwiftUpdateCheck = 1130;
				LastUpgradeCheck = 1130;
				ORGANIZATIONNAME = "Rinat Kutuev";
				TargetAttributes = {
					8445754A23AB78FD007BD4FB = {
						CreatedOnToolsVersion = 11.3;
					};
				};
			};
			buildConfigurationList = 8445754623AB78FD007BD4FB /* Build configuration list for PBXProject "RecipeManager" */;
			compatibilityVersion = "Xcode 9.3";
			developmentRegion = en;
			hasScannedForEncodings = 0;
			knownRegions = (
				en,
				Base,
			);
			mainGroup = 8445754223AB78FD007BD4FB;
			productRefGroup = 8445754C23AB78FD007BD4FB /* Products */;
			projectDirPath = "";
			projectRoot = "";
			targets = (
				8445754A23AB78FD007BD4FB /* RecipeManager */,
			);
		};
/* End PBXProject section */

/* Begin PBXResourcesBuildPhase section */
		8445754923AB78FD007BD4FB /* Resources */ = {
			isa = PBXResourcesBuildPhase;
			buildActionMask = 2147483647;
			files = (
				8445755B23AB78FD007BD4FB /* LaunchScreen.storyboard in Resources */,
				8445755823AB78FD007BD4FB /* Assets.xcassets in Resources */,
				844BDB0923ACCA8000FC3815 /* Dishes.json in Resources */,
				8445755623AB78FD007BD4FB /* Main.storyboard in Resources */,
			);
			runOnlyForDeploymentPostprocessing = 0;
		};
/* End PBXResourcesBuildPhase section */

/* Begin PBXSourcesBuildPhase section */
		8445754723AB78FD007BD4FB /* Sources */ = {
			isa = PBXSourcesBuildPhase;
			buildActionMask = 2147483647;
			files = (
				8445756923AB8268007BD4FB /* MealStruct.swift in Sources */,
				8445757123ABA47C007BD4FB /* DetailTableViewCell.swift in Sources */,
				844BDB0B23ACCF2F00FC3815 /* RecipeStruct.swift in Sources */,
				8445754F23AB78FD007BD4FB /* AppDelegate.swift in Sources */,
				8445755123AB78FD007BD4FB /* SceneDelegate.swift in Sources */,
				8445756D23ABA427007BD4FB /* DetailViewController.swift in Sources */,
				8445756323AB7A0A007BD4FB /* MealTableViewCell.swift in Sources */,
				8445756723AB7E1F007BD4FB /* MealTableViewController.swift in Sources */,
			);
			runOnlyForDeploymentPostprocessing = 0;
		};
/* End PBXSourcesBuildPhase section */

/* Begin PBXVariantGroup section */
		8445755423AB78FD007BD4FB /* Main.storyboard */ = {
			isa = PBXVariantGroup;
			children = (
				8445755523AB78FD007BD4FB /* Base */,
			);
			name = Main.storyboard;
			sourceTree = "<group>";
		};
		8445755923AB78FD007BD4FB /* LaunchScreen.storyboard */ = {
			isa = PBXVariantGroup;
			children = (
				8445755A23AB78FD007BD4FB /* Base */,
			);
			name = LaunchScreen.storyboard;
			sourceTree = "<group>";
		};
/* End PBXVariantGroup section */

/* Begin XCBuildConfiguration section */
		8445755D23AB78FD007BD4FB /* Debug */ = {
			isa = XCBuildConfiguration;
			buildSettings = {
				ALWAYS_SEARCH_USER_PATHS = NO;
				CLANG_ANALYZER_NONNULL = YES;
				CLANG_ANALYZER_NUMBER_OBJECT_CONVERSION = YES_AGGRESSIVE;
				CLANG_CXX_LANGUAGE_STANDARD = "gnu++14";
				CLANG_CXX_LIBRARY = "libc++";
				CLANG_ENABLE_MODULES = YES;
				CLANG_ENABLE_OBJC_ARC = YES;
				CLANG_ENABLE_OBJC_WEAK = YES;
				CLANG_WARN_BLOCK_CAPTURE_AUTORELEASING = YES;
				CLANG_WARN_BOOL_CONVERSION = YES;
				CLANG_WARN_COMMA = YES;
				CLANG_WARN_CONSTANT_CONVERSION = YES;
				CLANG_WARN_DEPRECATED_OBJC_IMPLEMENTATIONS = YES;
				CLANG_WARN_DIRECT_OBJC_ISA_USAGE = YES_ERROR;
				CLANG_WARN_DOCUMENTATION_COMMENTS = YES;
				CLANG_WARN_EMPTY_BODY = YES;
				CLANG_WARN_ENUM_CONVERSION = YES;
				CLANG_WARN_INFINITE_RECURSION = YES;
				CLANG_WARN_INT_CONVERSION = YES;
				CLANG_WARN_NON_LITERAL_NULL_CONVERSION = YES;
				CLANG_WARN_OBJC_IMPLICIT_RETAIN_SELF = YES;
				CLANG_WARN_OBJC_LITERAL_CONVERSION = YES;
				CLANG_WARN_OBJC_ROOT_CLASS = YES_ERROR;
				CLANG_WARN_RANGE_LOOP_ANALYSIS = YES;
				CLANG_WARN_STRICT_PROTOTYPES = YES;
				CLANG_WARN_SUSPICIOUS_MOVE = YES;
				CLANG_WARN_UNGUARDED_AVAILABILITY = YES_AGGRESSIVE;
				CLANG_WARN_UNREACHABLE_CODE = YES;
				CLANG_WARN__DUPLICATE_METHOD_MATCH = YES;
				COPY_PHASE_STRIP = NO;
				DEBUG_INFORMATION_FORMAT = dwarf;
				ENABLE_STRICT_OBJC_MSGSEND = YES;
				ENABLE_TESTABILITY = YES;
				GCC_C_LANGUAGE_STANDARD = gnu11;
				GCC_DYNAMIC_NO_PIC = NO;
				GCC_NO_COMMON_BLOCKS = YES;
				GCC_OPTIMIZATION_LEVEL = 0;
				GCC_PREPROCESSOR_DEFINITIONS = (
					"DEBUG=1",
					"$(inherited)",
				);
				GCC_WARN_64_TO_32_BIT_CONVERSION = YES;
				GCC_WARN_ABOUT_RETURN_TYPE = YES_ERROR;
				GCC_WARN_UNDECLARED_SELECTOR = YES;
				GCC_WARN_UNINITIALIZED_AUTOS = YES_AGGRESSIVE;
				GCC_WARN_UNUSED_FUNCTION = YES;
				GCC_WARN_UNUSED_VARIABLE = YES;
				IPHONEOS_DEPLOYMENT_TARGET = 13.2;
				MTL_ENABLE_DEBUG_INFO = INCLUDE_SOURCE;
				MTL_FAST_MATH = YES;
				ONLY_ACTIVE_ARCH = YES;
				SDKROOT = iphoneos;
				SWIFT_ACTIVE_COMPILATION_CONDITIONS = DEBUG;
				SWIFT_OPTIMIZATION_LEVEL = "-Onone";
			};
			name = Debug;
		};
		8445755E23AB78FD007BD4FB /* Release */ = {
			isa = XCBuildConfiguration;
			buildSettings = {
				ALWAYS_SEARCH_USER_PATHS = NO;
				CLANG_ANALYZER_NONNULL = YES;
				CLANG_ANALYZER_NUMBER_OBJECT_CONVERSION = YES_AGGRESSIVE;
				CLANG_CXX_LANGUAGE_STANDARD = "gnu++14";
				CLANG_CXX_LIBRARY = "libc++";
				CLANG_ENABLE_MODULES = YES;
				CLANG_ENABLE_OBJC_ARC = YES;
				CLANG_ENABLE_OBJC_WEAK = YES;
				CLANG_WARN_BLOCK_CAPTURE_AUTORELEASING = YES;
				CLANG_WARN_BOOL_CONVERSION = YES;
				CLANG_WARN_COMMA = YES;
				CLANG_WARN_CONSTANT_CONVERSION = YES;
				CLANG_WARN_DEPRECATED_OBJC_IMPLEMENTATIONS = YES;
				CLANG_WARN_DIRECT_OBJC_ISA_USAGE = YES_ERROR;
				CLANG_WARN_DOCUMENTATION_COMMENTS = YES;
				CLANG_WARN_EMPTY_BODY = YES;
				CLANG_WARN_ENUM_CONVERSION = YES;
				CLANG_WARN_INFINITE_RECURSION = YES;
				CLANG_WARN_INT_CONVERSION = YES;
				CLANG_WARN_NON_LITERAL_NULL_CONVERSION = YES;
				CLANG_WARN_OBJC_IMPLICIT_RETAIN_SELF = YES;
				CLANG_WARN_OBJC_LITERAL_CONVERSION = YES;
				CLANG_WARN_OBJC_ROOT_CLASS = YES_ERROR;
				CLANG_WARN_RANGE_LOOP_ANALYSIS = YES;
				CLANG_WARN_STRICT_PROTOTYPES = YES;
				CLANG_WARN_SUSPICIOUS_MOVE = YES;
				CLANG_WARN_UNGUARDED_AVAILABILITY = YES_AGGRESSIVE;
				CLANG_WARN_UNREACHABLE_CODE = YES;
				CLANG_WARN__DUPLICATE_METHOD_MATCH = YES;
				COPY_PHASE_STRIP = NO;
				DEBUG_INFORMATION_FORMAT = "dwarf-with-dsym";
				ENABLE_NS_ASSERTIONS = NO;
				ENABLE_STRICT_OBJC_MSGSEND = YES;
				GCC_C_LANGUAGE_STANDARD = gnu11;
				GCC_NO_COMMON_BLOCKS = YES;
				GCC_WARN_64_TO_32_BIT_CONVERSION = YES;
				GCC_WARN_ABOUT_RETURN_TYPE = YES_ERROR;
				GCC_WARN_UNDECLARED_SELECTOR = YES;
				GCC_WARN_UNINITIALIZED_AUTOS = YES_AGGRESSIVE;
				GCC_WARN_UNUSED_FUNCTION = YES;
				GCC_WARN_UNUSED_VARIABLE = YES;
				IPHONEOS_DEPLOYMENT_TARGET = 13.2;
				MTL_ENABLE_DEBUG_INFO = NO;
				MTL_FAST_MATH = YES;
				SDKROOT = iphoneos;
				SWIFT_COMPILATION_MODE = wholemodule;
				SWIFT_OPTIMIZATION_LEVEL = "-O";
				VALIDATE_PRODUCT = YES;
			};
			name = Release;
		};
		8445756023AB78FD007BD4FB /* Debug */ = {
			isa = XCBuildConfiguration;
			buildSettings = {
				ASSETCATALOG_COMPILER_APPICON_NAME = AppIcon;
				CODE_SIGN_STYLE = Automatic;
				INFOPLIST_FILE = RecipeManager/Info.plist;
				LD_RUNPATH_SEARCH_PATHS = (
					"$(inherited)",
					"@executable_path/Frameworks",
				);
				PRODUCT_BUNDLE_IDENTIFIER = RK.RecipeManager;
				PRODUCT_NAME = "$(TARGET_NAME)";
				SWIFT_VERSION = 5.0;
				TARGETED_DEVICE_FAMILY = "1,2";
			};
			name = Debug;
		};
		8445756123AB78FD007BD4FB /* Release */ = {
			isa = XCBuildConfiguration;
			buildSettings = {
				ASSETCATALOG_COMPILER_APPICON_NAME = AppIcon;
				CODE_SIGN_STYLE = Automatic;
				INFOPLIST_FILE = RecipeManager/Info.plist;
				LD_RUNPATH_SEARCH_PATHS = (
					"$(inherited)",
					"@executable_path/Frameworks",
				);
				PRODUCT_BUNDLE_IDENTIFIER = RK.RecipeManager;
				PRODUCT_NAME = "$(TARGET_NAME)";
				SWIFT_VERSION = 5.0;
				TARGETED_DEVICE_FAMILY = "1,2";
			};
			name = Release;
		};
/* End XCBuildConfiguration section */

/* Begin XCConfigurationList section */
		8445754623AB78FD007BD4FB /* Build configuration list for PBXProject "RecipeManager" */ = {
			isa = XCConfigurationList;
			buildConfigurations = (
				8445755D23AB78FD007BD4FB /* Debug */,
				8445755E23AB78FD007BD4FB /* Release */,
			);
			defaultConfigurationIsVisible = 0;
			defaultConfigurationName = Release;
		};
		8445755F23AB78FD007BD4FB /* Build configuration list for PBXNativeTarget "RecipeManager" */ = {
			isa = XCConfigurationList;
			buildConfigurations = (
				8445756023AB78FD007BD4FB /* Debug */,
				8445756123AB78FD007BD4FB /* Release */,
			);
			defaultConfigurationIsVisible = 0;
			defaultConfigurationName = Release;
		};
/* End XCConfigurationList section */
	};
	rootObject = 8445754323AB78FD007BD4FB /* Project object */;
}
