// !$*UTF8*$!
{
	archiveVersion = 1;
	classes = {
	};
	objectVersion = 50;
	objects = {

/* Begin PBXBuildFile section */
		84264C8B23C8B11D0050C8E8 /* AppDelegate.swift in Sources */ = {isa = PBXBuildFile; fileRef = 84264C8A23C8B11D0050C8E8 /* AppDelegate.swift */; };
		84264C8D23C8B11D0050C8E8 /* SceneDelegate.swift in Sources */ = {isa = PBXBuildFile; fileRef = 84264C8C23C8B11D0050C8E8 /* SceneDelegate.swift */; };
		84264C8F23C8B11D0050C8E8 /* ViewController.swift in Sources */ = {isa = PBXBuildFile; fileRef = 84264C8E23C8B11D0050C8E8 /* ViewController.swift */; };
		84264C9523C8B11E0050C8E8 /* I_love_you_Food.xcdatamodeld in Sources */ = {isa = PBXBuildFile; fileRef = 84264C9323C8B11E0050C8E8 /* I_love_you_Food.xcdatamodeld */; };
		84264C9723C8B11E0050C8E8 /* Assets.xcassets in Resources */ = {isa = PBXBuildFile; fileRef = 84264C9623C8B11E0050C8E8 /* Assets.xcassets */; };
		84264C9A23C8B11E0050C8E8 /* LaunchScreen.storyboard in Resources */ = {isa = PBXBuildFile; fileRef = 84264C9823C8B11E0050C8E8 /* LaunchScreen.storyboard */; };
		843DFFEC23C9ECDC00191102 /* SnapKit.framework in Frameworks */ = {isa = PBXBuildFile; fileRef = 843DFFEB23C9ECDC00191102 /* SnapKit.framework */; };
		843DFFED23C9ECDC00191102 /* SnapKit.framework in Embed Frameworks */ = {isa = PBXBuildFile; fileRef = 843DFFEB23C9ECDC00191102 /* SnapKit.framework */; settings = {ATTRIBUTES = (CodeSignOnCopy, RemoveHeadersOnCopy, ); }; };
/* End PBXBuildFile section */

/* Begin PBXCopyFilesBuildPhase section */
		843DFFEE23C9ECDC00191102 /* Embed Frameworks */ = {
			isa = PBXCopyFilesBuildPhase;
			buildActionMask = 2147483647;
			dstPath = "";
			dstSubfolderSpec = 10;
			files = (
				843DFFED23C9ECDC00191102 /* SnapKit.framework in Embed Frameworks */,
			);
			name = "Embed Frameworks";
			runOnlyForDeploymentPostprocessing = 0;
		};
/* End PBXCopyFilesBuildPhase section */

/* Begin PBXFileReference section */
		84264C8723C8B11D0050C8E8 /* I love you Food.app */ = {isa = PBXFileReference; explicitFileType = wrapper.application; includeInIndex = 0; path = "I love you Food.app"; sourceTree = BUILT_PRODUCTS_DIR; };
		84264C8A23C8B11D0050C8E8 /* AppDelegate.swift */ = {isa = PBXFileReference; lastKnownFileType = sourcecode.swift; path = AppDelegate.swift; sourceTree = "<group>"; };
		84264C8C23C8B11D0050C8E8 /* SceneDelegate.swift */ = {isa = PBXFileReference; lastKnownFileType = sourcecode.swift; path = SceneDelegate.swift; sourceTree = "<group>"; };
		84264C8E23C8B11D0050C8E8 /* ViewController.swift */ = {isa = PBXFileReference; lastKnownFileType = sourcecode.swift; path = ViewController.swift; sourceTree = "<group>"; };
		84264C9423C8B11E0050C8E8 /* I_love_you_Food.xcdatamodel */ = {isa = PBXFileReference; lastKnownFileType = wrapper.xcdatamodel; path = I_love_you_Food.xcdatamodel; sourceTree = "<group>"; };
		84264C9623C8B11E0050C8E8 /* Assets.xcassets */ = {isa = PBXFileReference; lastKnownFileType = folder.assetcatalog; path = Assets.xcassets; sourceTree = "<group>"; };
		84264C9923C8B11E0050C8E8 /* Base */ = {isa = PBXFileReference; lastKnownFileType = file.storyboard; name = Base; path = Base.lproj/LaunchScreen.storyboard; sourceTree = "<group>"; };
		84264C9B23C8B11E0050C8E8 /* Info.plist */ = {isa = PBXFileReference; lastKnownFileType = text.plist.xml; path = Info.plist; sourceTree = "<group>"; };
		843DFFEA23C9ECC600191102 /* SnapKit.framework.dSYM */ = {isa = PBXFileReference; lastKnownFileType = wrapper.dsym; name = SnapKit.framework.dSYM; path = ../RootViewController/Carthage/Build/iOS/SnapKit.framework.dSYM; sourceTree = "<group>"; };
		843DFFEB23C9ECDC00191102 /* SnapKit.framework */ = {isa = PBXFileReference; lastKnownFileType = wrapper.framework; name = SnapKit.framework; path = ../RootViewController/Carthage/Build/iOS/SnapKit.framework; sourceTree = "<group>"; };
/* End PBXFileReference section */

/* Begin PBXFrameworksBuildPhase section */
		84264C8423C8B11D0050C8E8 /* Frameworks */ = {
			isa = PBXFrameworksBuildPhase;
			buildActionMask = 2147483647;
			files = (
				843DFFEC23C9ECDC00191102 /* SnapKit.framework in Frameworks */,
			);
			runOnlyForDeploymentPostprocessing = 0;
		};
/* End PBXFrameworksBuildPhase section */

/* Begin PBXGroup section */
		84264C7E23C8B11D0050C8E8 = {
			isa = PBXGroup;
			children = (
				84264C8923C8B11D0050C8E8 /* I love you Food */,
				84264C8823C8B11D0050C8E8 /* Products */,
				843DFFE923C9ECC600191102 /* Frameworks */,
			);
			sourceTree = "<group>";
		};
		84264C8823C8B11D0050C8E8 /* Products */ = {
			isa = PBXGroup;
			children = (
				84264C8723C8B11D0050C8E8 /* I love you Food.app */,
			);
			name = Products;
			sourceTree = "<group>";
		};
		84264C8923C8B11D0050C8E8 /* I love you Food */ = {
			isa = PBXGroup;
			children = (
				84264C8A23C8B11D0050C8E8 /* AppDelegate.swift */,
				84264C8C23C8B11D0050C8E8 /* SceneDelegate.swift */,
				84264C8E23C8B11D0050C8E8 /* ViewController.swift */,
				84264C9623C8B11E0050C8E8 /* Assets.xcassets */,
				84264C9823C8B11E0050C8E8 /* LaunchScreen.storyboard */,
				84264C9B23C8B11E0050C8E8 /* Info.plist */,
				84264C9323C8B11E0050C8E8 /* I_love_you_Food.xcdatamodeld */,
			);
			path = "I love you Food";
			sourceTree = "<group>";
		};
		843DFFE923C9ECC600191102 /* Frameworks */ = {
			isa = PBXGroup;
			children = (
				843DFFEB23C9ECDC00191102 /* SnapKit.framework */,
				843DFFEA23C9ECC600191102 /* SnapKit.framework.dSYM */,
			);
			name = Frameworks;
			sourceTree = "<group>";
		};
/* End PBXGroup section */

/* Begin PBXNativeTarget section */
		84264C8623C8B11D0050C8E8 /* I love you Food */ = {
			isa = PBXNativeTarget;
			buildConfigurationList = 84264C9E23C8B11E0050C8E8 /* Build configuration list for PBXNativeTarget "I love you Food" */;
			buildPhases = (
				84264C8323C8B11D0050C8E8 /* Sources */,
				84264C8423C8B11D0050C8E8 /* Frameworks */,
				84264C8523C8B11D0050C8E8 /* Resources */,
				843DFFEE23C9ECDC00191102 /* Embed Frameworks */,
			);
			buildRules = (
			);
			dependencies = (
			);
			name = "I love you Food";
			productName = "I love you Food";
			productReference = 84264C8723C8B11D0050C8E8 /* I love you Food.app */;
			productType = "com.apple.product-type.application";
		};
/* End PBXNativeTarget section */

/* Begin PBXProject section */
		84264C7F23C8B11D0050C8E8 /* Project object */ = {
			isa = PBXProject;
			attributes = {
				LastSwiftUpdateCheck = 1130;
				LastUpgradeCheck = 1130;
				ORGANIZATIONNAME = "Rinat Kutuev";
				TargetAttributes = {
					84264C8623C8B11D0050C8E8 = {
						CreatedOnToolsVersion = 11.3;
					};
				};
			};
			buildConfigurationList = 84264C8223C8B11D0050C8E8 /* Build configuration list for PBXProject "I love you Food" */;
			compatibilityVersion = "Xcode 9.3";
			developmentRegion = en;
			hasScannedForEncodings = 0;
			knownRegions = (
				en,
				Base,
			);
			mainGroup = 84264C7E23C8B11D0050C8E8;
			productRefGroup = 84264C8823C8B11D0050C8E8 /* Products */;
			projectDirPath = "";
			projectRoot = "";
			targets = (
				84264C8623C8B11D0050C8E8 /* I love you Food */,
			);
		};
/* End PBXProject section */

/* Begin PBXResourcesBuildPhase section */
		84264C8523C8B11D0050C8E8 /* Resources */ = {
			isa = PBXResourcesBuildPhase;
			buildActionMask = 2147483647;
			files = (
				84264C9A23C8B11E0050C8E8 /* LaunchScreen.storyboard in Resources */,
				84264C9723C8B11E0050C8E8 /* Assets.xcassets in Resources */,
			);
			runOnlyForDeploymentPostprocessing = 0;
		};
/* End PBXResourcesBuildPhase section */

/* Begin PBXSourcesBuildPhase section */
		84264C8323C8B11D0050C8E8 /* Sources */ = {
			isa = PBXSourcesBuildPhase;
			buildActionMask = 2147483647;
			files = (
				84264C8F23C8B11D0050C8E8 /* ViewController.swift in Sources */,
				84264C9523C8B11E0050C8E8 /* I_love_you_Food.xcdatamodeld in Sources */,
				84264C8B23C8B11D0050C8E8 /* AppDelegate.swift in Sources */,
				84264C8D23C8B11D0050C8E8 /* SceneDelegate.swift in Sources */,
			);
			runOnlyForDeploymentPostprocessing = 0;
		};
/* End PBXSourcesBuildPhase section */

/* Begin PBXVariantGroup section */
		84264C9823C8B11E0050C8E8 /* LaunchScreen.storyboard */ = {
			isa = PBXVariantGroup;
			children = (
				84264C9923C8B11E0050C8E8 /* Base */,
			);
			name = LaunchScreen.storyboard;
			sourceTree = "<group>";
		};
/* End PBXVariantGroup section */

/* Begin XCBuildConfiguration section */
		84264C9C23C8B11E0050C8E8 /* Debug */ = {
			isa = XCBuildConfiguration;
			buildSettings = {
				ALWAYS_SEARCH_USER_PATHS = NO;
				CLANG_ANALYZER_NONNULL = YES;
				CLANG_ANALYZER_NUMBER_OBJECT_CONVERSION = YES_AGGRESSIVE;
				CLANG_CXX_LANGUAGE_STANDARD = "gnu++14";
				CLANG_CXX_LIBRARY = "libc++";
				CLANG_ENABLE_MODULES = YES;
				CLANG_ENABLE_OBJC_ARC = YES;
				CLANG_ENABLE_OBJC_WEAK = YES;
				CLANG_WARN_BLOCK_CAPTURE_AUTORELEASING = YES;
				CLANG_WARN_BOOL_CONVERSION = YES;
				CLANG_WARN_COMMA = YES;
				CLANG_WARN_CONSTANT_CONVERSION = YES;
				CLANG_WARN_DEPRECATED_OBJC_IMPLEMENTATIONS = YES;
				CLANG_WARN_DIRECT_OBJC_ISA_USAGE = YES_ERROR;
				CLANG_WARN_DOCUMENTATION_COMMENTS = YES;
				CLANG_WARN_EMPTY_BODY = YES;
				CLANG_WARN_ENUM_CONVERSION = YES;
				CLANG_WARN_INFINITE_RECURSION = YES;
				CLANG_WARN_INT_CONVERSION = YES;
				CLANG_WARN_NON_LITERAL_NULL_CONVERSION = YES;
				CLANG_WARN_OBJC_IMPLICIT_RETAIN_SELF = YES;
				CLANG_WARN_OBJC_LITERAL_CONVERSION = YES;
				CLANG_WARN_OBJC_ROOT_CLASS = YES_ERROR;
				CLANG_WARN_RANGE_LOOP_ANALYSIS = YES;
				CLANG_WARN_STRICT_PROTOTYPES = YES;
				CLANG_WARN_SUSPICIOUS_MOVE = YES;
				CLANG_WARN_UNGUARDED_AVAILABILITY = YES_AGGRESSIVE;
				CLANG_WARN_UNREACHABLE_CODE = YES;
				CLANG_WARN__DUPLICATE_METHOD_MATCH = YES;
				COPY_PHASE_STRIP = NO;
				DEBUG_INFORMATION_FORMAT = dwarf;
				ENABLE_STRICT_OBJC_MSGSEND = YES;
				ENABLE_TESTABILITY = YES;
				GCC_C_LANGUAGE_STANDARD = gnu11;
				GCC_DYNAMIC_NO_PIC = NO;
				GCC_NO_COMMON_BLOCKS = YES;
				GCC_OPTIMIZATION_LEVEL = 0;
				GCC_PREPROCESSOR_DEFINITIONS = (
					"DEBUG=1",
					"$(inherited)",
				);
				GCC_WARN_64_TO_32_BIT_CONVERSION = YES;
				GCC_WARN_ABOUT_RETURN_TYPE = YES_ERROR;
				GCC_WARN_UNDECLARED_SELECTOR = YES;
				GCC_WARN_UNINITIALIZED_AUTOS = YES_AGGRESSIVE;
				GCC_WARN_UNUSED_FUNCTION = YES;
				GCC_WARN_UNUSED_VARIABLE = YES;
				IPHONEOS_DEPLOYMENT_TARGET = 13.2;
				MTL_ENABLE_DEBUG_INFO = INCLUDE_SOURCE;
				MTL_FAST_MATH = YES;
				ONLY_ACTIVE_ARCH = YES;
				SDKROOT = iphoneos;
				SWIFT_ACTIVE_COMPILATION_CONDITIONS = DEBUG;
				SWIFT_OPTIMIZATION_LEVEL = "-Onone";
			};
			name = Debug;
		};
		84264C9D23C8B11E0050C8E8 /* Release */ = {
			isa = XCBuildConfiguration;
			buildSettings = {
				ALWAYS_SEARCH_USER_PATHS = NO;
				CLANG_ANALYZER_NONNULL = YES;
				CLANG_ANALYZER_NUMBER_OBJECT_CONVERSION = YES_AGGRESSIVE;
				CLANG_CXX_LANGUAGE_STANDARD = "gnu++14";
				CLANG_CXX_LIBRARY = "libc++";
				CLANG_ENABLE_MODULES = YES;
				CLANG_ENABLE_OBJC_ARC = YES;
				CLANG_ENABLE_OBJC_WEAK = YES;
				CLANG_WARN_BLOCK_CAPTURE_AUTORELEASING = YES;
				CLANG_WARN_BOOL_CONVERSION = YES;
				CLANG_WARN_COMMA = YES;
				CLANG_WARN_CONSTANT_CONVERSION = YES;
				CLANG_WARN_DEPRECATED_OBJC_IMPLEMENTATIONS = YES;
				CLANG_WARN_DIRECT_OBJC_ISA_USAGE = YES_ERROR;
				CLANG_WARN_DOCUMENTATION_COMMENTS = YES;
				CLANG_WARN_EMPTY_BODY = YES;
				CLANG_WARN_ENUM_CONVERSION = YES;
				CLANG_WARN_INFINITE_RECURSION = YES;
				CLANG_WARN_INT_CONVERSION = YES;
				CLANG_WARN_NON_LITERAL_NULL_CONVERSION = YES;
				CLANG_WARN_OBJC_IMPLICIT_RETAIN_SELF = YES;
				CLANG_WARN_OBJC_LITERAL_CONVERSION = YES;
				CLANG_WARN_OBJC_ROOT_CLASS = YES_ERROR;
				CLANG_WARN_RANGE_LOOP_ANALYSIS = YES;
				CLANG_WARN_STRICT_PROTOTYPES = YES;
				CLANG_WARN_SUSPICIOUS_MOVE = YES;
				CLANG_WARN_UNGUARDED_AVAILABILITY = YES_AGGRESSIVE;
				CLANG_WARN_UNREACHABLE_CODE = YES;
				CLANG_WARN__DUPLICATE_METHOD_MATCH = YES;
				COPY_PHASE_STRIP = NO;
				DEBUG_INFORMATION_FORMAT = "dwarf-with-dsym";
				ENABLE_NS_ASSERTIONS = NO;
				ENABLE_STRICT_OBJC_MSGSEND = YES;
				GCC_C_LANGUAGE_STANDARD = gnu11;
				GCC_NO_COMMON_BLOCKS = YES;
				GCC_WARN_64_TO_32_BIT_CONVERSION = YES;
				GCC_WARN_ABOUT_RETURN_TYPE = YES_ERROR;
				GCC_WARN_UNDECLARED_SELECTOR = YES;
				GCC_WARN_UNINITIALIZED_AUTOS = YES_AGGRESSIVE;
				GCC_WARN_UNUSED_FUNCTION = YES;
				GCC_WARN_UNUSED_VARIABLE = YES;
				IPHONEOS_DEPLOYMENT_TARGET = 13.2;
				MTL_ENABLE_DEBUG_INFO = NO;
				MTL_FAST_MATH = YES;
				SDKROOT = iphoneos;
				SWIFT_COMPILATION_MODE = wholemodule;
				SWIFT_OPTIMIZATION_LEVEL = "-O";
				VALIDATE_PRODUCT = YES;
			};
			name = Release;
		};
		84264C9F23C8B11E0050C8E8 /* Debug */ = {
			isa = XCBuildConfiguration;
			buildSettings = {
				ASSETCATALOG_COMPILER_APPICON_NAME = AppIcon;
				CODE_SIGN_STYLE = Automatic;
				INFOPLIST_FILE = "I love you Food/Info.plist";
				LD_RUNPATH_SEARCH_PATHS = (
					"$(inherited)",
					"@executable_path/Frameworks",
				);
				PRODUCT_BUNDLE_IDENTIFIER = "com.rk.I-love-you-Food";
				PRODUCT_NAME = "$(TARGET_NAME)";
				SWIFT_VERSION = 5.0;
				TARGETED_DEVICE_FAMILY = "1,2";
			};
			name = Debug;
		};
		84264CA023C8B11E0050C8E8 /* Release */ = {
			isa = XCBuildConfiguration;
			buildSettings = {
				ASSETCATALOG_COMPILER_APPICON_NAME = AppIcon;
				CODE_SIGN_STYLE = Automatic;
				INFOPLIST_FILE = "I love you Food/Info.plist";
				LD_RUNPATH_SEARCH_PATHS = (
					"$(inherited)",
					"@executable_path/Frameworks",
				);
				PRODUCT_BUNDLE_IDENTIFIER = "com.rk.I-love-you-Food";
				PRODUCT_NAME = "$(TARGET_NAME)";
				SWIFT_VERSION = 5.0;
				TARGETED_DEVICE_FAMILY = "1,2";
			};
			name = Release;
		};
/* End XCBuildConfiguration section */

/* Begin XCConfigurationList section */
		84264C8223C8B11D0050C8E8 /* Build configuration list for PBXProject "I love you Food" */ = {
			isa = XCConfigurationList;
			buildConfigurations = (
				84264C9C23C8B11E0050C8E8 /* Debug */,
				84264C9D23C8B11E0050C8E8 /* Release */,
			);
			defaultConfigurationIsVisible = 0;
			defaultConfigurationName = Release;
		};
		84264C9E23C8B11E0050C8E8 /* Build configuration list for PBXNativeTarget "I love you Food" */ = {
			isa = XCConfigurationList;
			buildConfigurations = (
				84264C9F23C8B11E0050C8E8 /* Debug */,
				84264CA023C8B11E0050C8E8 /* Release */,
			);
			defaultConfigurationIsVisible = 0;
			defaultConfigurationName = Release;
		};
/* End XCConfigurationList section */

/* Begin XCVersionGroup section */
		84264C9323C8B11E0050C8E8 /* I_love_you_Food.xcdatamodeld */ = {
			isa = XCVersionGroup;
			children = (
				84264C9423C8B11E0050C8E8 /* I_love_you_Food.xcdatamodel */,
			);
			currentVersion = 84264C9423C8B11E0050C8E8 /* I_love_you_Food.xcdatamodel */;
			path = I_love_you_Food.xcdatamodeld;
			sourceTree = "<group>";
			versionGroupType = wrapper.xcdatamodel;
		};
/* End XCVersionGroup section */
	};
	rootObject = 84264C7F23C8B11D0050C8E8 /* Project object */;
}
